
Microsoft Visual Studio Solution File, Format Version 11.00
# Visual Studio 2010
Project("{FAE04EC0-301F-11D3-BF4B-00C04F79EFBC}") = "BitAuto.DSC.IM2014.Core", "..\src\BitAuto.DSC.IM2014.Core\BitAuto.DSC.IM2014.Core.csproj", "{D01E23E1-364E-4821-B3B1-377125F371DB}"
EndProject
Project("{FAE04EC0-301F-11D3-BF4B-00C04F79EFBC}") = "BitAuto.DSC.IM2014.Server.Web", "..\src\BitAuto.DSC.IM2014.Server.Web\BitAuto.DSC.IM2014.Server.Web.csproj", "{29C504C9-1800-4B97-96C5-DA6ED309BCDD}"
EndProject
Project("{FAE04EC0-301F-11D3-BF4B-00C04F79EFBC}") = "BitAuto.DSC.IM2014.Server.Web.Test", "..\src\BitAuto.DSC.IM2014.Server.Web.Test\BitAuto.DSC.IM2014.Server.Web.Test.csproj", "{D1001346-2910-4CA0-89A2-A7CCA9286574}"
EndProject
Project("{FAE04EC0-301F-11D3-BF4B-00C04F79EFBC}") = "BitAuto.DSC.IM2014.Entities", "..\src\BitAuto.DSC.IM2014.Entities\BitAuto.DSC.IM2014.Entities.csproj", "{0D78DB04-1C41-4492-A4F9-DC22575F93FA}"
EndProject
Project("{FAE04EC0-301F-11D3-BF4B-00C04F79EFBC}") = "BitAuto.DSC.IM2014.Dal", "..\src\BitAuto.DSC.IM2014.Dal\BitAuto.DSC.IM2014.Dal.csproj", "{E4E94F89-962F-404E-B90A-BC3789DCF2ED}"
EndProject
Project("{FAE04EC0-301F-11D3-BF4B-00C04F79EFBC}") = "BitAuto.DSC.IM2014.BLL", "..\src\BitAuto.DSC.IM2014.BLL\BitAuto.DSC.IM2014.BLL.csproj", "{64E7192E-E9D0-427F-8920-89B338A84B1C}"
EndProject
Project("{FAE04EC0-301F-11D3-BF4B-00C04F79EFBC}") = "BitAuto.DSC.IM2014.WebService", "..\BitAuto.DSC.IM2014.WebService\BitAuto.DSC.IM2014.WebService.csproj", "{0C3B05AD-DE51-48C2-A4C1-89EDE9ED7F3F}"
EndProject
Global
	GlobalSection(TeamFoundationVersionControl) = preSolution
		SccNumberOfProjects = 8
		SccEnterpriseProvider = {4CA58AB2-18FA-4F8D-95D4-32DDF27D184C}
		SccTeamFoundationServer = http://tfs2010.tech.bitauto.com:8080/tfs/bitauto
		SccLocalPath0 = .
		SccProjectUniqueName1 = ..\\src\\BitAuto.DSC.IM2014.Core\\BitAuto.DSC.IM2014.Core.csproj
		SccProjectName1 = ../src/BitAuto.DSC.IM2014.Core
		SccLocalPath1 = ..\\src\\BitAuto.DSC.IM2014.Core
		SccProjectUniqueName2 = ..\\src\\BitAuto.DSC.IM2014.Server.Web.Test\\BitAuto.DSC.IM2014.Server.Web.Test.csproj
		SccProjectName2 = ../src/BitAuto.DSC.IM2014.Server.Web.Test
		SccLocalPath2 = ..\\src\\BitAuto.DSC.IM2014.Server.Web.Test
		SccProjectUniqueName3 = ..\\src\\BitAuto.DSC.IM2014.Server.Web\\BitAuto.DSC.IM2014.Server.Web.csproj
		SccProjectName3 = ../src/BitAuto.DSC.IM2014.Server.Web
		SccLocalPath3 = ..\\src\\BitAuto.DSC.IM2014.Server.Web
		SccProjectUniqueName4 = ..\\src\\BitAuto.DSC.IM2014.Entities\\BitAuto.DSC.IM2014.Entities.csproj
		SccProjectName4 = ../src/BitAuto.DSC.IM2014.Entities
		SccLocalPath4 = ..\\src\\BitAuto.DSC.IM2014.Entities
		SccProjectUniqueName5 = ..\\src\\BitAuto.DSC.IM2014.Dal\\BitAuto.DSC.IM2014.Dal.csproj
		SccProjectName5 = ../src/BitAuto.DSC.IM2014.Dal
		SccLocalPath5 = ..\\src\\BitAuto.DSC.IM2014.Dal
		SccProjectUniqueName6 = ..\\src\\BitAuto.DSC.IM2014.BLL\\BitAuto.DSC.IM2014.BLL.csproj
		SccProjectName6 = ../src/BitAuto.DSC.IM2014.BLL
		SccLocalPath6 = ..\\src\\BitAuto.DSC.IM2014.BLL
		SccProjectUniqueName7 = ..\\BitAuto.DSC.IM2014.WebService\\BitAuto.DSC.IM2014.WebService.csproj
		SccProjectName7 = ../BitAuto.DSC.IM2014.WebService
		SccLocalPath7 = ..\\BitAuto.DSC.IM2014.WebService
	EndGlobalSection
	GlobalSection(SolutionConfigurationPlatforms) = preSolution
		Debug|Any CPU = Debug|Any CPU
		Release|Any CPU = Release|Any CPU
	EndGlobalSection
	GlobalSection(ProjectConfigurationPlatforms) = postSolution
		{D01E23E1-364E-4821-B3B1-377125F371DB}.Debug|Any CPU.ActiveCfg = Debug|Any CPU
		{D01E23E1-364E-4821-B3B1-377125F371DB}.Debug|Any CPU.Build.0 = Debug|Any CPU
		{D01E23E1-364E-4821-B3B1-377125F371DB}.Release|Any CPU.ActiveCfg = Release|Any CPU
		{D01E23E1-364E-4821-B3B1-377125F371DB}.Release|Any CPU.Build.0 = Release|Any CPU
		{29C504C9-1800-4B97-96C5-DA6ED309BCDD}.Debug|Any CPU.ActiveCfg = Debug|Any CPU
		{29C504C9-1800-4B97-96C5-DA6ED309BCDD}.Debug|Any CPU.Build.0 = Debug|Any CPU
		{29C504C9-1800-4B97-96C5-DA6ED309BCDD}.Release|Any CPU.ActiveCfg = Release|Any CPU
		{29C504C9-1800-4B97-96C5-DA6ED309BCDD}.Release|Any CPU.Build.0 = Release|Any CPU
		{D1001346-2910-4CA0-89A2-A7CCA9286574}.Debug|Any CPU.ActiveCfg = Debug|Any CPU
		{D1001346-2910-4CA0-89A2-A7CCA9286574}.Debug|Any CPU.Build.0 = Debug|Any CPU
		{D1001346-2910-4CA0-89A2-A7CCA9286574}.Release|Any CPU.ActiveCfg = Release|Any CPU
		{D1001346-2910-4CA0-89A2-A7CCA9286574}.Release|Any CPU.Build.0 = Release|Any CPU
		{0D78DB04-1C41-4492-A4F9-DC22575F93FA}.Debug|Any CPU.ActiveCfg = Debug|Any CPU
		{0D78DB04-1C41-4492-A4F9-DC22575F93FA}.Debug|Any CPU.Build.0 = Debug|Any CPU
		{0D78DB04-1C41-4492-A4F9-DC22575F93FA}.Release|Any CPU.ActiveCfg = Release|Any CPU
		{0D78DB04-1C41-4492-A4F9-DC22575F93FA}.Release|Any CPU.Build.0 = Release|Any CPU
		{E4E94F89-962F-404E-B90A-BC3789DCF2ED}.Debug|Any CPU.ActiveCfg = Debug|Any CPU
		{E4E94F89-962F-404E-B90A-BC3789DCF2ED}.Debug|Any CPU.Build.0 = Debug|Any CPU
		{E4E94F89-962F-404E-B90A-BC3789DCF2ED}.Release|Any CPU.ActiveCfg = Release|Any CPU
		{E4E94F89-962F-404E-B90A-BC3789DCF2ED}.Release|Any CPU.Build.0 = Release|Any CPU
		{64E7192E-E9D0-427F-8920-89B338A84B1C}.Debug|Any CPU.ActiveCfg = Debug|Any CPU
		{64E7192E-E9D0-427F-8920-89B338A84B1C}.Debug|Any CPU.Build.0 = Debug|Any CPU
		{64E7192E-E9D0-427F-8920-89B338A84B1C}.Release|Any CPU.ActiveCfg = Release|Any CPU
		{64E7192E-E9D0-427F-8920-89B338A84B1C}.Release|Any CPU.Build.0 = Release|Any CPU
		{0C3B05AD-DE51-48C2-A4C1-89EDE9ED7F3F}.Debug|Any CPU.ActiveCfg = Debug|Any CPU
		{0C3B05AD-DE51-48C2-A4C1-89EDE9ED7F3F}.Debug|Any CPU.Build.0 = Debug|Any CPU
		{0C3B05AD-DE51-48C2-A4C1-89EDE9ED7F3F}.Release|Any CPU.ActiveCfg = Release|Any CPU
		{0C3B05AD-DE51-48C2-A4C1-89EDE9ED7F3F}.Release|Any CPU.Build.0 = Release|Any CPU
	EndGlobalSection
	GlobalSection(SolutionProperties) = preSolution
		HideSolutionNode = FALSE
	EndGlobalSection
EndGlobal
