
Microsoft Visual Studio Solution File, Format Version 11.00
# Visual Studio 2010
Project("{FAE04EC0-301F-11D3-BF4B-00C04F79EFBC}") = "BitAuto.DSC.IM_DMS2014.Web", "..\src\BitAuto.DSC.IM-DMS2014.Web\BitAuto.DSC.IM_DMS2014.Web.csproj", "{A5EB9006-1681-4127-8A76-96CEC798F6F3}"
EndProject
Project("{FAE04EC0-301F-11D3-BF4B-00C04F79EFBC}") = "BitAuto.DSC.IM_DMS2014.Entities", "..\src\BitAuto.DSC.IM-DMS2014.Entities\BitAuto.DSC.IM_DMS2014.Entities.csproj", "{37C66E7D-24CC-41D0-9BDC-4F383D377F23}"
EndProject
Project("{FAE04EC0-301F-11D3-BF4B-00C04F79EFBC}") = "BitAuto.DSC.IM_DMS2014.Dal", "..\src\BitAuto.DSC.IM-DMS2014.Dal\BitAuto.DSC.IM_DMS2014.Dal.csproj", "{0BD16C64-B6A7-448B-BE62-C88702A74C50}"
EndProject
Project("{FAE04EC0-301F-11D3-BF4B-00C04F79EFBC}") = "BitAuto.DSC.IM_DMS2014.BLL", "..\src\BitAuto.DSC.IM-DMS2014.BLL\BitAuto.DSC.IM_DMS2014.BLL.csproj", "{BAE0444C-5C16-48EB-AC40-F2F149C47DC6}"
EndProject
Project("{FAE04EC0-301F-11D3-BF4B-00C04F79EFBC}") = "BitAuto.DSC.IM_DMS2014.Core", "..\src\BitAuto.DSC.IM-DMS2014.Core\BitAuto.DSC.IM_DMS2014.Core.csproj", "{8C51F558-875A-4D61-8EDC-AB00EC02E705}"
EndProject
Project("{FAE04EC0-301F-11D3-BF4B-00C04F79EFBC}") = "BitAuto.DSC.IM_DMS2014.EPLogin.Test", "..\src\BitAuto.DSC.IM_DMS2014.EPLogin.Test\BitAuto.DSC.IM_DMS2014.EPLogin.Test.csproj", "{62D4931F-7CD0-428B-953B-EC5FC6086E43}"
EndProject
Project("{FAE04EC0-301F-11D3-BF4B-00C04F79EFBC}") = "BitAuto.DSC.IM_DMS2014.Console.Test", "..\src\BitAuto.DSC.IM_DMS2014.Console.Test\BitAuto.DSC.IM_DMS2014.Console.Test.csproj", "{D11C2168-70A6-4B76-82AB-67C72CD4111E}"
EndProject
Project("{FAE04EC0-301F-11D3-BF4B-00C04F79EFBC}") = "BitAuto.DSC.IM_DMS2014.WebService", "BitAuto.DSC.IM_DMS2014.WebService\BitAuto.DSC.IM_DMS2014.WebService.csproj", "{BB647A5F-51D0-41D6-B938-16FABB03CD80}"
EndProject
Global
	GlobalSection(TeamFoundationVersionControl) = preSolution
		SccNumberOfProjects = 9
		SccEnterpriseProvider = {4CA58AB2-18FA-4F8D-95D4-32DDF27D184C}
		SccTeamFoundationServer = http://xsj-tfs2013-app.tech.bitauto.com:8080/tfs/bitauto
		SccLocalPath0 = .
		SccProjectUniqueName1 = ..\\src\\BitAuto.DSC.IM-DMS2014.BLL\\BitAuto.DSC.IM_DMS2014.BLL.csproj
		SccProjectName1 = ../src/BitAuto.DSC.IM-DMS2014.BLL
		SccLocalPath1 = ..\\src\\BitAuto.DSC.IM-DMS2014.BLL
		SccProjectUniqueName2 = ..\\src\\BitAuto.DSC.IM-DMS2014.Core\\BitAuto.DSC.IM_DMS2014.Core.csproj
		SccProjectName2 = ../src/BitAuto.DSC.IM-DMS2014.Core
		SccLocalPath2 = ..\\src\\BitAuto.DSC.IM-DMS2014.Core
		SccProjectUniqueName3 = ..\\src\\BitAuto.DSC.IM-DMS2014.Dal\\BitAuto.DSC.IM_DMS2014.Dal.csproj
		SccProjectName3 = ../src/BitAuto.DSC.IM-DMS2014.Dal
		SccLocalPath3 = ..\\src\\BitAuto.DSC.IM-DMS2014.Dal
		SccProjectUniqueName4 = ..\\src\\BitAuto.DSC.IM-DMS2014.Web\\BitAuto.DSC.IM_DMS2014.Web.csproj
		SccProjectName4 = ../src/BitAuto.DSC.IM-DMS2014.Web
		SccLocalPath4 = ..\\src\\BitAuto.DSC.IM-DMS2014.Web
		SccProjectUniqueName5 = ..\\src\\BitAuto.DSC.IM-DMS2014.Entities\\BitAuto.DSC.IM_DMS2014.Entities.csproj
		SccProjectName5 = ../src/BitAuto.DSC.IM-DMS2014.Entities
		SccLocalPath5 = ..\\src\\BitAuto.DSC.IM-DMS2014.Entities
		SccProjectUniqueName6 = ..\\src\\BitAuto.DSC.IM_DMS2014.EPLogin.Test\\BitAuto.DSC.IM_DMS2014.EPLogin.Test.csproj
		SccProjectName6 = ../src/BitAuto.DSC.IM_DMS2014.EPLogin.Test
		SccLocalPath6 = ..\\src\\BitAuto.DSC.IM_DMS2014.EPLogin.Test
		SccProjectUniqueName7 = ..\\src\\BitAuto.DSC.IM_DMS2014.Console.Test\\BitAuto.DSC.IM_DMS2014.Console.Test.csproj
		SccProjectName7 = ../src/BitAuto.DSC.IM_DMS2014.Console.Test
		SccLocalPath7 = ..\\src\\BitAuto.DSC.IM_DMS2014.Console.Test
		SccProjectUniqueName8 = BitAuto.DSC.IM_DMS2014.WebService\\BitAuto.DSC.IM_DMS2014.WebService.csproj
		SccProjectName8 = BitAuto.DSC.IM_DMS2014.WebService
		SccLocalPath8 = BitAuto.DSC.IM_DMS2014.WebService
	EndGlobalSection
	GlobalSection(SolutionConfigurationPlatforms) = preSolution
		Debug|Any CPU = Debug|Any CPU
		Debug|Mixed Platforms = Debug|Mixed Platforms
		Debug|x86 = Debug|x86
		Release|Any CPU = Release|Any CPU
		Release|Mixed Platforms = Release|Mixed Platforms
		Release|x86 = Release|x86
	EndGlobalSection
	GlobalSection(ProjectConfigurationPlatforms) = postSolution
		{A5EB9006-1681-4127-8A76-96CEC798F6F3}.Debug|Any CPU.ActiveCfg = Debug|Any CPU
		{A5EB9006-1681-4127-8A76-96CEC798F6F3}.Debug|Any CPU.Build.0 = Debug|Any CPU
		{A5EB9006-1681-4127-8A76-96CEC798F6F3}.Debug|Mixed Platforms.ActiveCfg = Debug|Any CPU
		{A5EB9006-1681-4127-8A76-96CEC798F6F3}.Debug|Mixed Platforms.Build.0 = Debug|Any CPU
		{A5EB9006-1681-4127-8A76-96CEC798F6F3}.Debug|x86.ActiveCfg = Debug|Any CPU
		{A5EB9006-1681-4127-8A76-96CEC798F6F3}.Release|Any CPU.ActiveCfg = Release|Any CPU
		{A5EB9006-1681-4127-8A76-96CEC798F6F3}.Release|Any CPU.Build.0 = Release|Any CPU
		{A5EB9006-1681-4127-8A76-96CEC798F6F3}.Release|Mixed Platforms.ActiveCfg = Release|Any CPU
		{A5EB9006-1681-4127-8A76-96CEC798F6F3}.Release|Mixed Platforms.Build.0 = Release|Any CPU
		{A5EB9006-1681-4127-8A76-96CEC798F6F3}.Release|x86.ActiveCfg = Release|Any CPU
		{37C66E7D-24CC-41D0-9BDC-4F383D377F23}.Debug|Any CPU.ActiveCfg = Debug|Any CPU
		{37C66E7D-24CC-41D0-9BDC-4F383D377F23}.Debug|Any CPU.Build.0 = Debug|Any CPU
		{37C66E7D-24CC-41D0-9BDC-4F383D377F23}.Debug|Mixed Platforms.ActiveCfg = Debug|Any CPU
		{37C66E7D-24CC-41D0-9BDC-4F383D377F23}.Debug|Mixed Platforms.Build.0 = Debug|Any CPU
		{37C66E7D-24CC-41D0-9BDC-4F383D377F23}.Debug|x86.ActiveCfg = Debug|Any CPU
		{37C66E7D-24CC-41D0-9BDC-4F383D377F23}.Release|Any CPU.ActiveCfg = Release|Any CPU
		{37C66E7D-24CC-41D0-9BDC-4F383D377F23}.Release|Any CPU.Build.0 = Release|Any CPU
		{37C66E7D-24CC-41D0-9BDC-4F383D377F23}.Release|Mixed Platforms.ActiveCfg = Release|Any CPU
		{37C66E7D-24CC-41D0-9BDC-4F383D377F23}.Release|Mixed Platforms.Build.0 = Release|Any CPU
		{37C66E7D-24CC-41D0-9BDC-4F383D377F23}.Release|x86.ActiveCfg = Release|Any CPU
		{0BD16C64-B6A7-448B-BE62-C88702A74C50}.Debug|Any CPU.ActiveCfg = Debug|Any CPU
		{0BD16C64-B6A7-448B-BE62-C88702A74C50}.Debug|Any CPU.Build.0 = Debug|Any CPU
		{0BD16C64-B6A7-448B-BE62-C88702A74C50}.Debug|Mixed Platforms.ActiveCfg = Debug|Any CPU
		{0BD16C64-B6A7-448B-BE62-C88702A74C50}.Debug|Mixed Platforms.Build.0 = Debug|Any CPU
		{0BD16C64-B6A7-448B-BE62-C88702A74C50}.Debug|x86.ActiveCfg = Debug|Any CPU
		{0BD16C64-B6A7-448B-BE62-C88702A74C50}.Release|Any CPU.ActiveCfg = Release|Any CPU
		{0BD16C64-B6A7-448B-BE62-C88702A74C50}.Release|Any CPU.Build.0 = Release|Any CPU
		{0BD16C64-B6A7-448B-BE62-C88702A74C50}.Release|Mixed Platforms.ActiveCfg = Release|Any CPU
		{0BD16C64-B6A7-448B-BE62-C88702A74C50}.Release|Mixed Platforms.Build.0 = Release|Any CPU
		{0BD16C64-B6A7-448B-BE62-C88702A74C50}.Release|x86.ActiveCfg = Release|Any CPU
		{BAE0444C-5C16-48EB-AC40-F2F149C47DC6}.Debug|Any CPU.ActiveCfg = Debug|Any CPU
		{BAE0444C-5C16-48EB-AC40-F2F149C47DC6}.Debug|Any CPU.Build.0 = Debug|Any CPU
		{BAE0444C-5C16-48EB-AC40-F2F149C47DC6}.Debug|Mixed Platforms.ActiveCfg = Debug|Any CPU
		{BAE0444C-5C16-48EB-AC40-F2F149C47DC6}.Debug|Mixed Platforms.Build.0 = Debug|Any CPU
		{BAE0444C-5C16-48EB-AC40-F2F149C47DC6}.Debug|x86.ActiveCfg = Debug|Any CPU
		{BAE0444C-5C16-48EB-AC40-F2F149C47DC6}.Release|Any CPU.ActiveCfg = Release|Any CPU
		{BAE0444C-5C16-48EB-AC40-F2F149C47DC6}.Release|Any CPU.Build.0 = Release|Any CPU
		{BAE0444C-5C16-48EB-AC40-F2F149C47DC6}.Release|Mixed Platforms.ActiveCfg = Release|Any CPU
		{BAE0444C-5C16-48EB-AC40-F2F149C47DC6}.Release|Mixed Platforms.Build.0 = Release|Any CPU
		{BAE0444C-5C16-48EB-AC40-F2F149C47DC6}.Release|x86.ActiveCfg = Release|Any CPU
		{8C51F558-875A-4D61-8EDC-AB00EC02E705}.Debug|Any CPU.ActiveCfg = Debug|Any CPU
		{8C51F558-875A-4D61-8EDC-AB00EC02E705}.Debug|Any CPU.Build.0 = Debug|Any CPU
		{8C51F558-875A-4D61-8EDC-AB00EC02E705}.Debug|Mixed Platforms.ActiveCfg = Debug|Any CPU
		{8C51F558-875A-4D61-8EDC-AB00EC02E705}.Debug|Mixed Platforms.Build.0 = Debug|Any CPU
		{8C51F558-875A-4D61-8EDC-AB00EC02E705}.Debug|x86.ActiveCfg = Debug|Any CPU
		{8C51F558-875A-4D61-8EDC-AB00EC02E705}.Release|Any CPU.ActiveCfg = Release|Any CPU
		{8C51F558-875A-4D61-8EDC-AB00EC02E705}.Release|Any CPU.Build.0 = Release|Any CPU
		{8C51F558-875A-4D61-8EDC-AB00EC02E705}.Release|Mixed Platforms.ActiveCfg = Release|Any CPU
		{8C51F558-875A-4D61-8EDC-AB00EC02E705}.Release|Mixed Platforms.Build.0 = Release|Any CPU
		{8C51F558-875A-4D61-8EDC-AB00EC02E705}.Release|x86.ActiveCfg = Release|Any CPU
		{62D4931F-7CD0-428B-953B-EC5FC6086E43}.Debug|Any CPU.ActiveCfg = Debug|Any CPU
		{62D4931F-7CD0-428B-953B-EC5FC6086E43}.Debug|Any CPU.Build.0 = Debug|Any CPU
		{62D4931F-7CD0-428B-953B-EC5FC6086E43}.Debug|Mixed Platforms.ActiveCfg = Debug|Any CPU
		{62D4931F-7CD0-428B-953B-EC5FC6086E43}.Debug|Mixed Platforms.Build.0 = Debug|Any CPU
		{62D4931F-7CD0-428B-953B-EC5FC6086E43}.Debug|x86.ActiveCfg = Debug|Any CPU
		{62D4931F-7CD0-428B-953B-EC5FC6086E43}.Release|Any CPU.ActiveCfg = Release|Any CPU
		{62D4931F-7CD0-428B-953B-EC5FC6086E43}.Release|Any CPU.Build.0 = Release|Any CPU
		{62D4931F-7CD0-428B-953B-EC5FC6086E43}.Release|Mixed Platforms.ActiveCfg = Release|Any CPU
		{62D4931F-7CD0-428B-953B-EC5FC6086E43}.Release|Mixed Platforms.Build.0 = Release|Any CPU
		{62D4931F-7CD0-428B-953B-EC5FC6086E43}.Release|x86.ActiveCfg = Release|Any CPU
		{D11C2168-70A6-4B76-82AB-67C72CD4111E}.Debug|Any CPU.ActiveCfg = Debug|x86
		{D11C2168-70A6-4B76-82AB-67C72CD4111E}.Debug|Mixed Platforms.ActiveCfg = Debug|x86
		{D11C2168-70A6-4B76-82AB-67C72CD4111E}.Debug|Mixed Platforms.Build.0 = Debug|x86
		{D11C2168-70A6-4B76-82AB-67C72CD4111E}.Debug|x86.ActiveCfg = Debug|x86
		{D11C2168-70A6-4B76-82AB-67C72CD4111E}.Debug|x86.Build.0 = Debug|x86
		{D11C2168-70A6-4B76-82AB-67C72CD4111E}.Release|Any CPU.ActiveCfg = Release|x86
		{D11C2168-70A6-4B76-82AB-67C72CD4111E}.Release|Mixed Platforms.ActiveCfg = Release|x86
		{D11C2168-70A6-4B76-82AB-67C72CD4111E}.Release|Mixed Platforms.Build.0 = Release|x86
		{D11C2168-70A6-4B76-82AB-67C72CD4111E}.Release|x86.ActiveCfg = Release|x86
		{D11C2168-70A6-4B76-82AB-67C72CD4111E}.Release|x86.Build.0 = Release|x86
		{BB647A5F-51D0-41D6-B938-16FABB03CD80}.Debug|Any CPU.ActiveCfg = Debug|Any CPU
		{BB647A5F-51D0-41D6-B938-16FABB03CD80}.Debug|Any CPU.Build.0 = Debug|Any CPU
		{BB647A5F-51D0-41D6-B938-16FABB03CD80}.Debug|Mixed Platforms.ActiveCfg = Debug|Any CPU
		{BB647A5F-51D0-41D6-B938-16FABB03CD80}.Debug|Mixed Platforms.Build.0 = Debug|Any CPU
		{BB647A5F-51D0-41D6-B938-16FABB03CD80}.Debug|x86.ActiveCfg = Debug|Any CPU
		{BB647A5F-51D0-41D6-B938-16FABB03CD80}.Release|Any CPU.ActiveCfg = Release|Any CPU
		{BB647A5F-51D0-41D6-B938-16FABB03CD80}.Release|Any CPU.Build.0 = Release|Any CPU
		{BB647A5F-51D0-41D6-B938-16FABB03CD80}.Release|Mixed Platforms.ActiveCfg = Release|Any CPU
		{BB647A5F-51D0-41D6-B938-16FABB03CD80}.Release|Mixed Platforms.Build.0 = Release|Any CPU
		{BB647A5F-51D0-41D6-B938-16FABB03CD80}.Release|x86.ActiveCfg = Release|Any CPU
	EndGlobalSection
	GlobalSection(SolutionProperties) = preSolution
		HideSolutionNode = FALSE
	EndGlobalSection
EndGlobal
