
Microsoft Visual Studio Solution File, Format Version 11.00
# Visual Studio 2010
Project("{FAE04EC0-301F-11D3-BF4B-00C04F79EFBC}") = "BitAuto.DSC.APPReport2016.DemoWeb", "..\Src\BitAuto.DSC.APPReport2016.DemoWeb\BitAuto.DSC.APPReport2016.DemoWeb.csproj", "{64818D28-F068-4106-BD18-896D58D50EF8}"
EndProject
Project("{FAE04EC0-301F-11D3-BF4B-00C04F79EFBC}") = "BitAuto.DSC.APPReport2016.WebAPI", "..\Src\BitAuto.DSC.APPReport2016.WebAPI\BitAuto.DSC.APPReport2016.WebAPI.csproj", "{291C5745-A8CE-4A35-B5CF-F1C22F91002B}"
EndProject
Project("{FAE04EC0-301F-11D3-BF4B-00C04F79EFBC}") = "BitAuto.DSC.APPReport2016.Entities", "..\Src\BitAuto.DSC.APPReport2016.Entities\BitAuto.DSC.APPReport2016.Entities.csproj", "{955CBEE5-90EB-4C63-9CFE-0621A1D8E827}"
EndProject
Project("{FAE04EC0-301F-11D3-BF4B-00C04F79EFBC}") = "BitAuto.DSC.APPReport2016.Dal", "..\Src\BitAuto.DSC.APPReport2016.Dal\BitAuto.DSC.APPReport2016.Dal.csproj", "{1B1BB3A5-FA9C-4FA5-8244-81A477EB0172}"
EndProject
Project("{FAE04EC0-301F-11D3-BF4B-00C04F79EFBC}") = "BitAuto.DSC.APPReport2016.BLL", "..\Src\BitAuto.DSC.APPReport2016.BLL\BitAuto.DSC.APPReport2016.BLL.csproj", "{59BA1F20-8538-4320-9455-DEAA3B0132C4}"
EndProject
Global
	GlobalSection(SolutionConfigurationPlatforms) = preSolution
		Debug|Any CPU = Debug|Any CPU
		Release|Any CPU = Release|Any CPU
	EndGlobalSection
	GlobalSection(ProjectConfigurationPlatforms) = postSolution
		{64818D28-F068-4106-BD18-896D58D50EF8}.Debug|Any CPU.ActiveCfg = Debug|Any CPU
		{64818D28-F068-4106-BD18-896D58D50EF8}.Debug|Any CPU.Build.0 = Debug|Any CPU
		{64818D28-F068-4106-BD18-896D58D50EF8}.Release|Any CPU.ActiveCfg = Release|Any CPU
		{64818D28-F068-4106-BD18-896D58D50EF8}.Release|Any CPU.Build.0 = Release|Any CPU
		{291C5745-A8CE-4A35-B5CF-F1C22F91002B}.Debug|Any CPU.ActiveCfg = Debug|Any CPU
		{291C5745-A8CE-4A35-B5CF-F1C22F91002B}.Debug|Any CPU.Build.0 = Debug|Any CPU
		{291C5745-A8CE-4A35-B5CF-F1C22F91002B}.Release|Any CPU.ActiveCfg = Release|Any CPU
		{291C5745-A8CE-4A35-B5CF-F1C22F91002B}.Release|Any CPU.Build.0 = Release|Any CPU
		{955CBEE5-90EB-4C63-9CFE-0621A1D8E827}.Debug|Any CPU.ActiveCfg = Debug|Any CPU
		{955CBEE5-90EB-4C63-9CFE-0621A1D8E827}.Debug|Any CPU.Build.0 = Debug|Any CPU
		{955CBEE5-90EB-4C63-9CFE-0621A1D8E827}.Release|Any CPU.ActiveCfg = Release|Any CPU
		{955CBEE5-90EB-4C63-9CFE-0621A1D8E827}.Release|Any CPU.Build.0 = Release|Any CPU
		{1B1BB3A5-FA9C-4FA5-8244-81A477EB0172}.Debug|Any CPU.ActiveCfg = Debug|Any CPU
		{1B1BB3A5-FA9C-4FA5-8244-81A477EB0172}.Debug|Any CPU.Build.0 = Debug|Any CPU
		{1B1BB3A5-FA9C-4FA5-8244-81A477EB0172}.Release|Any CPU.ActiveCfg = Release|Any CPU
		{1B1BB3A5-FA9C-4FA5-8244-81A477EB0172}.Release|Any CPU.Build.0 = Release|Any CPU
		{59BA1F20-8538-4320-9455-DEAA3B0132C4}.Debug|Any CPU.ActiveCfg = Debug|Any CPU
		{59BA1F20-8538-4320-9455-DEAA3B0132C4}.Debug|Any CPU.Build.0 = Debug|Any CPU
		{59BA1F20-8538-4320-9455-DEAA3B0132C4}.Release|Any CPU.ActiveCfg = Release|Any CPU
		{59BA1F20-8538-4320-9455-DEAA3B0132C4}.Release|Any CPU.Build.0 = Release|Any CPU
	EndGlobalSection
	GlobalSection(SolutionProperties) = preSolution
		HideSolutionNode = FALSE
	EndGlobalSection
EndGlobal
