
Microsoft Visual Studio Solution File, Format Version 12.00
# Visual Studio 14
VisualStudioVersion = 14.0.25420.1
MinimumVisualStudioVersion = 10.0.40219.1
Project("{FAE04EC0-301F-11D3-BF4B-00C04F79EFBC}") = "XYAuto.BUOC.IP2017.Entities", "..\XYAuto.BUOC.IP2017.Entities\XYAuto.BUOC.IP2017.Entities.csproj", "{C47BDB95-A595-48F4-82F5-D47232AF1CBB}"
EndProject
Project("{FAE04EC0-301F-11D3-BF4B-00C04F79EFBC}") = "XYAuto.BUOC.IP2017.Dal", "..\XYAuto.BUOC.IP2017.Dal\XYAuto.BUOC.IP2017.Dal.csproj", "{CEE129EF-C402-46C9-A6D2-B9A4E0553224}"
EndProject
Project("{FAE04EC0-301F-11D3-BF4B-00C04F79EFBC}") = "XYAuto.BUOC.IP2017.BLL", "..\XYAuto.BUOC.IP2017.BLL\XYAuto.BUOC.IP2017.BLL.csproj", "{BAD6B01F-2419-48DE-8AE7-127FE2802ADC}"
EndProject
Project("{FAE04EC0-301F-11D3-BF4B-00C04F79EFBC}") = "XYAuto.BUOC.IP2017.Web", "..\XYAuto.BUOC.IP2017.Web\XYAuto.BUOC.IP2017.Web.csproj", "{54642B49-40C1-4E4C-9AE7-303A65A449EA}"
EndProject
Project("{FAE04EC0-301F-11D3-BF4B-00C04F79EFBC}") = "XYAuto.BUOC.IP2017.WebAPI", "..\XYAuto.BUOC.IP2017.WebAPI\XYAuto.BUOC.IP2017.WebAPI.csproj", "{B6ADDC0D-5C3B-4AE4-AEC4-DE1AFE044782}"
EndProject
Project("{2150E333-8FDC-42A3-9474-1A3956D46DE8}") = "Test", "Test", "{D18C8FB4-7DAF-47FA-A141-9454730F8EAB}"
EndProject
Project("{FAE04EC0-301F-11D3-BF4B-00C04F79EFBC}") = "XYAuto.BUOC.IP2017.UnitTest", "..\Test\XYAuto.BUOC.IP2017.UnitTest\XYAuto.BUOC.IP2017.UnitTest.csproj", "{0C4EA139-11AA-4CBF-8B4C-BA94809F3B2D}"
EndProject
Project("{FAE04EC0-301F-11D3-BF4B-00C04F79EFBC}") = "XYAuto.BUOC.IP2017.DataImport", "DataImport\XYAuto.BUOC.IP2017.DataImport.csproj", "{43B59A56-5365-4643-A546-A8EAEB480FAE}"
EndProject
Project("{2150E333-8FDC-42A3-9474-1A3956D46DE8}") = "DataImport", "DataImport", "{13F461EC-7D98-4A4D-A59F-CE77EE625F3E}"
EndProject
Global
	GlobalSection(SolutionConfigurationPlatforms) = preSolution
		Debug|Any CPU = Debug|Any CPU
		Release|Any CPU = Release|Any CPU
	EndGlobalSection
	GlobalSection(ProjectConfigurationPlatforms) = postSolution
		{C47BDB95-A595-48F4-82F5-D47232AF1CBB}.Debug|Any CPU.ActiveCfg = Debug|Any CPU
		{C47BDB95-A595-48F4-82F5-D47232AF1CBB}.Debug|Any CPU.Build.0 = Debug|Any CPU
		{C47BDB95-A595-48F4-82F5-D47232AF1CBB}.Release|Any CPU.ActiveCfg = Release|Any CPU
		{C47BDB95-A595-48F4-82F5-D47232AF1CBB}.Release|Any CPU.Build.0 = Release|Any CPU
		{CEE129EF-C402-46C9-A6D2-B9A4E0553224}.Debug|Any CPU.ActiveCfg = Debug|Any CPU
		{CEE129EF-C402-46C9-A6D2-B9A4E0553224}.Debug|Any CPU.Build.0 = Debug|Any CPU
		{CEE129EF-C402-46C9-A6D2-B9A4E0553224}.Release|Any CPU.ActiveCfg = Release|Any CPU
		{CEE129EF-C402-46C9-A6D2-B9A4E0553224}.Release|Any CPU.Build.0 = Release|Any CPU
		{BAD6B01F-2419-48DE-8AE7-127FE2802ADC}.Debug|Any CPU.ActiveCfg = Debug|Any CPU
		{BAD6B01F-2419-48DE-8AE7-127FE2802ADC}.Debug|Any CPU.Build.0 = Debug|Any CPU
		{BAD6B01F-2419-48DE-8AE7-127FE2802ADC}.Release|Any CPU.ActiveCfg = Release|Any CPU
		{BAD6B01F-2419-48DE-8AE7-127FE2802ADC}.Release|Any CPU.Build.0 = Release|Any CPU
		{54642B49-40C1-4E4C-9AE7-303A65A449EA}.Debug|Any CPU.ActiveCfg = Debug|Any CPU
		{54642B49-40C1-4E4C-9AE7-303A65A449EA}.Debug|Any CPU.Build.0 = Debug|Any CPU
		{54642B49-40C1-4E4C-9AE7-303A65A449EA}.Release|Any CPU.ActiveCfg = Release|Any CPU
		{54642B49-40C1-4E4C-9AE7-303A65A449EA}.Release|Any CPU.Build.0 = Release|Any CPU
		{B6ADDC0D-5C3B-4AE4-AEC4-DE1AFE044782}.Debug|Any CPU.ActiveCfg = Debug|Any CPU
		{B6ADDC0D-5C3B-4AE4-AEC4-DE1AFE044782}.Debug|Any CPU.Build.0 = Debug|Any CPU
		{B6ADDC0D-5C3B-4AE4-AEC4-DE1AFE044782}.Release|Any CPU.ActiveCfg = Release|Any CPU
		{B6ADDC0D-5C3B-4AE4-AEC4-DE1AFE044782}.Release|Any CPU.Build.0 = Release|Any CPU
		{0C4EA139-11AA-4CBF-8B4C-BA94809F3B2D}.Debug|Any CPU.ActiveCfg = Debug|Any CPU
		{0C4EA139-11AA-4CBF-8B4C-BA94809F3B2D}.Debug|Any CPU.Build.0 = Debug|Any CPU
		{0C4EA139-11AA-4CBF-8B4C-BA94809F3B2D}.Release|Any CPU.ActiveCfg = Release|Any CPU
		{0C4EA139-11AA-4CBF-8B4C-BA94809F3B2D}.Release|Any CPU.Build.0 = Release|Any CPU
		{43B59A56-5365-4643-A546-A8EAEB480FAE}.Debug|Any CPU.ActiveCfg = Debug|Any CPU
		{43B59A56-5365-4643-A546-A8EAEB480FAE}.Debug|Any CPU.Build.0 = Debug|Any CPU
		{43B59A56-5365-4643-A546-A8EAEB480FAE}.Release|Any CPU.ActiveCfg = Release|Any CPU
		{43B59A56-5365-4643-A546-A8EAEB480FAE}.Release|Any CPU.Build.0 = Release|Any CPU
	EndGlobalSection
	GlobalSection(SolutionProperties) = preSolution
		HideSolutionNode = FALSE
	EndGlobalSection
	GlobalSection(NestedProjects) = preSolution
		{0C4EA139-11AA-4CBF-8B4C-BA94809F3B2D} = {D18C8FB4-7DAF-47FA-A141-9454730F8EAB}
		{43B59A56-5365-4643-A546-A8EAEB480FAE} = {13F461EC-7D98-4A4D-A59F-CE77EE625F3E}
	EndGlobalSection
EndGlobal
