
Microsoft Visual Studio Solution File, Format Version 12.00
# Visual Studio 14
VisualStudioVersion = 14.0.25420.1
MinimumVisualStudioVersion = 10.0.40219.1
Project("{2150E333-8FDC-42A3-9474-1A3956D46DE8}") = "DAO", "DAO", "{290E95A2-C95F-4F49-97C4-1D627D374F27}"
EndProject
Project("{2150E333-8FDC-42A3-9474-1A3956D46DE8}") = "Service", "Service", "{5A5DE2C2-198F-4CD2-B48A-CBCBB6AC2FF6}"
EndProject
Project("{2150E333-8FDC-42A3-9474-1A3956D46DE8}") = "BO", "BO", "{99D3B109-2066-4216-B314-D2BB98AF437D}"
EndProject
Project("{2150E333-8FDC-42A3-9474-1A3956D46DE8}") = "Api", "Api", "{957DBFE7-17E2-4E6B-A1ED-3F060F20B63E}"
EndProject
Project("{FAE04EC0-301F-11D3-BF4B-00C04F79EFBC}") = "XYAuto.ChiTu2018.DAO", "XYAuto.ChiTu2018.DAO\XYAuto.ChiTu2018.DAO.csproj", "{BE28C166-020F-41FC-97F4-25DE7B8276C8}"
EndProject
Project("{FAE04EC0-301F-11D3-BF4B-00C04F79EFBC}") = "XYAuto.ChiTu2018.BO", "XYAuto.ChiTu2018.BO\XYAuto.ChiTu2018.BO.csproj", "{D4073898-E4D0-4931-A1E9-5C454737AC9F}"
EndProject
Project("{FAE04EC0-301F-11D3-BF4B-00C04F79EFBC}") = "XYAuto.ChiTu2018.Service", "XYAuto.ChiTu2018.Service\XYAuto.ChiTu2018.Service.csproj", "{A97814E1-5A34-492E-848E-4B30FF090354}"
EndProject
Project("{2150E333-8FDC-42A3-9474-1A3956D46DE8}") = "Entities", "Entities", "{0A8D27FD-DFD4-4A27-8B69-DD8624D2D650}"
EndProject
Project("{FAE04EC0-301F-11D3-BF4B-00C04F79EFBC}") = "XYAuto.ChiTu2018.Entities", "XYAuto.ChiTu2018.Entities\XYAuto.ChiTu2018.Entities.csproj", "{4D08E097-DAA0-4A36-9A9F-33156CD82FEA}"
EndProject
Project("{FAE04EC0-301F-11D3-BF4B-00C04F79EFBC}") = "XYAuto.ChiTu2018.API", "XYAuto.ChiTu2018.API\XYAuto.ChiTu2018.API.csproj", "{B053AFBA-9919-443E-A012-F9AFC8A71008}"
EndProject
Project("{FAE04EC0-301F-11D3-BF4B-00C04F79EFBC}") = "XYAuto.ChiTu2018.API.Tests", "XYAuto.ChiTu2018.API.Tests\XYAuto.ChiTu2018.API.Tests.csproj", "{DF2C1D42-A78C-4C76-A5DC-C937CBD49100}"
EndProject
Project("{2150E333-8FDC-42A3-9474-1A3956D46DE8}") = ".nuget", ".nuget", "{7BC70C58-38DB-4FAF-BCE9-1161986EAB7E}"
	ProjectSection(SolutionItems) = preProject
		.nuget\NuGet.Config = .nuget\NuGet.Config
		.nuget\NuGet.exe = .nuget\NuGet.exe
		.nuget\NuGet.targets = .nuget\NuGet.targets
	EndProjectSection
EndProject
Project("{2150E333-8FDC-42A3-9474-1A3956D46DE8}") = "Core", "Core", "{24A8CCE3-8285-4F85-B377-96A7BE33A963}"
EndProject
Project("{2150E333-8FDC-42A3-9474-1A3956D46DE8}") = "WeChat.CommonService", "WeChat.CommonService", "{889579E0-547A-48B7-B900-2755245569A7}"
EndProject
Project("{FAE04EC0-301F-11D3-BF4B-00C04F79EFBC}") = "XYAuto.ChiTu2018.WeChat.CommonService", "XYAuto.ChiTu2018.WeChat.CommonService\XYAuto.ChiTu2018.WeChat.CommonService.csproj", "{8296AFCC-F771-4E57-A0DA-A94A0CA5E904}"
EndProject
Project("{FAE04EC0-301F-11D3-BF4B-00C04F79EFBC}") = "XYAuto.ChiTu2018.Infrastructure", "XYAuto.ChiTu2018.Infrastructure\XYAuto.ChiTu2018.Infrastructure.csproj", "{4A61C0A1-BFA5-4057-80EC-58939FFBB8EF}"
EndProject
Project("{FAE04EC0-301F-11D3-BF4B-00C04F79EFBC}") = "XYAuto.ChiTu2018.Service.App", "XYAuto.ChiTu2018.Service.App\XYAuto.ChiTu2018.Service.App.csproj", "{AF23D1D6-5294-40F4-B4C0-734FE49C8D55}"
EndProject
Project("{2150E333-8FDC-42A3-9474-1A3956D46DE8}") = "WindowServer", "WindowServer", "{5373266D-26D5-4DC3-BB88-0E0556C3FAD9}"
EndProject
Project("{FAE04EC0-301F-11D3-BF4B-00C04F79EFBC}") = "XYAuto.ChiTu2018.Settlement", "WindowServer\XYAuto.ChiTu2018.Settlement\XYAuto.ChiTu2018.Settlement.csproj", "{21C900EB-BA30-4485-A7A0-A42F9E80AF6F}"
EndProject
Project("{FAE04EC0-301F-11D3-BF4B-00C04F79EFBC}") = "XYAuto.ChiTu2018.API.App", "XYAuto.ChiTu2018.API.App\XYAuto.ChiTu2018.API.App.csproj", "{C9E9A13A-8D97-421F-B6A2-DDE4F3FC4BA1}"
EndProject
Project("{FAE04EC0-301F-11D3-BF4B-00C04F79EFBC}") = "XYAuto.ChiTu2018.PublicApi", "XYAuto.ChiTu2018.PublicApi\XYAuto.ChiTu2018.PublicApi.csproj", "{BF596F87-C327-421B-8502-AB6F676DB5A0}"
EndProject
Global
	GlobalSection(SolutionConfigurationPlatforms) = preSolution
		Debug|Any CPU = Debug|Any CPU
		Release|Any CPU = Release|Any CPU
	EndGlobalSection
	GlobalSection(ProjectConfigurationPlatforms) = postSolution
		{BE28C166-020F-41FC-97F4-25DE7B8276C8}.Debug|Any CPU.ActiveCfg = Debug|Any CPU
		{BE28C166-020F-41FC-97F4-25DE7B8276C8}.Debug|Any CPU.Build.0 = Debug|Any CPU
		{BE28C166-020F-41FC-97F4-25DE7B8276C8}.Release|Any CPU.ActiveCfg = Release|Any CPU
		{BE28C166-020F-41FC-97F4-25DE7B8276C8}.Release|Any CPU.Build.0 = Release|Any CPU
		{D4073898-E4D0-4931-A1E9-5C454737AC9F}.Debug|Any CPU.ActiveCfg = Debug|Any CPU
		{D4073898-E4D0-4931-A1E9-5C454737AC9F}.Debug|Any CPU.Build.0 = Debug|Any CPU
		{D4073898-E4D0-4931-A1E9-5C454737AC9F}.Release|Any CPU.ActiveCfg = Release|Any CPU
		{D4073898-E4D0-4931-A1E9-5C454737AC9F}.Release|Any CPU.Build.0 = Release|Any CPU
		{A97814E1-5A34-492E-848E-4B30FF090354}.Debug|Any CPU.ActiveCfg = Debug|Any CPU
		{A97814E1-5A34-492E-848E-4B30FF090354}.Debug|Any CPU.Build.0 = Debug|Any CPU
		{A97814E1-5A34-492E-848E-4B30FF090354}.Release|Any CPU.ActiveCfg = Release|Any CPU
		{A97814E1-5A34-492E-848E-4B30FF090354}.Release|Any CPU.Build.0 = Release|Any CPU
		{4D08E097-DAA0-4A36-9A9F-33156CD82FEA}.Debug|Any CPU.ActiveCfg = Debug|Any CPU
		{4D08E097-DAA0-4A36-9A9F-33156CD82FEA}.Debug|Any CPU.Build.0 = Debug|Any CPU
		{4D08E097-DAA0-4A36-9A9F-33156CD82FEA}.Release|Any CPU.ActiveCfg = Release|Any CPU
		{4D08E097-DAA0-4A36-9A9F-33156CD82FEA}.Release|Any CPU.Build.0 = Release|Any CPU
		{B053AFBA-9919-443E-A012-F9AFC8A71008}.Debug|Any CPU.ActiveCfg = Debug|Any CPU
		{B053AFBA-9919-443E-A012-F9AFC8A71008}.Debug|Any CPU.Build.0 = Debug|Any CPU
		{B053AFBA-9919-443E-A012-F9AFC8A71008}.Release|Any CPU.ActiveCfg = Release|Any CPU
		{B053AFBA-9919-443E-A012-F9AFC8A71008}.Release|Any CPU.Build.0 = Release|Any CPU
		{DF2C1D42-A78C-4C76-A5DC-C937CBD49100}.Debug|Any CPU.ActiveCfg = Debug|Any CPU
		{DF2C1D42-A78C-4C76-A5DC-C937CBD49100}.Debug|Any CPU.Build.0 = Debug|Any CPU
		{DF2C1D42-A78C-4C76-A5DC-C937CBD49100}.Release|Any CPU.ActiveCfg = Release|Any CPU
		{DF2C1D42-A78C-4C76-A5DC-C937CBD49100}.Release|Any CPU.Build.0 = Release|Any CPU
		{8296AFCC-F771-4E57-A0DA-A94A0CA5E904}.Debug|Any CPU.ActiveCfg = Debug|Any CPU
		{8296AFCC-F771-4E57-A0DA-A94A0CA5E904}.Debug|Any CPU.Build.0 = Debug|Any CPU
		{8296AFCC-F771-4E57-A0DA-A94A0CA5E904}.Release|Any CPU.ActiveCfg = Release|Any CPU
		{8296AFCC-F771-4E57-A0DA-A94A0CA5E904}.Release|Any CPU.Build.0 = Release|Any CPU
		{4A61C0A1-BFA5-4057-80EC-58939FFBB8EF}.Debug|Any CPU.ActiveCfg = Debug|Any CPU
		{4A61C0A1-BFA5-4057-80EC-58939FFBB8EF}.Debug|Any CPU.Build.0 = Debug|Any CPU
		{4A61C0A1-BFA5-4057-80EC-58939FFBB8EF}.Release|Any CPU.ActiveCfg = Release|Any CPU
		{4A61C0A1-BFA5-4057-80EC-58939FFBB8EF}.Release|Any CPU.Build.0 = Release|Any CPU
		{AF23D1D6-5294-40F4-B4C0-734FE49C8D55}.Debug|Any CPU.ActiveCfg = Debug|Any CPU
		{AF23D1D6-5294-40F4-B4C0-734FE49C8D55}.Debug|Any CPU.Build.0 = Debug|Any CPU
		{AF23D1D6-5294-40F4-B4C0-734FE49C8D55}.Release|Any CPU.ActiveCfg = Release|Any CPU
		{AF23D1D6-5294-40F4-B4C0-734FE49C8D55}.Release|Any CPU.Build.0 = Release|Any CPU
		{21C900EB-BA30-4485-A7A0-A42F9E80AF6F}.Debug|Any CPU.ActiveCfg = Debug|Any CPU
		{21C900EB-BA30-4485-A7A0-A42F9E80AF6F}.Debug|Any CPU.Build.0 = Debug|Any CPU
		{21C900EB-BA30-4485-A7A0-A42F9E80AF6F}.Release|Any CPU.ActiveCfg = Release|Any CPU
		{21C900EB-BA30-4485-A7A0-A42F9E80AF6F}.Release|Any CPU.Build.0 = Release|Any CPU
		{C9E9A13A-8D97-421F-B6A2-DDE4F3FC4BA1}.Debug|Any CPU.ActiveCfg = Debug|Any CPU
		{C9E9A13A-8D97-421F-B6A2-DDE4F3FC4BA1}.Debug|Any CPU.Build.0 = Debug|Any CPU
		{C9E9A13A-8D97-421F-B6A2-DDE4F3FC4BA1}.Release|Any CPU.ActiveCfg = Release|Any CPU
		{C9E9A13A-8D97-421F-B6A2-DDE4F3FC4BA1}.Release|Any CPU.Build.0 = Release|Any CPU
		{BF596F87-C327-421B-8502-AB6F676DB5A0}.Debug|Any CPU.ActiveCfg = Debug|Any CPU
		{BF596F87-C327-421B-8502-AB6F676DB5A0}.Debug|Any CPU.Build.0 = Debug|Any CPU
		{BF596F87-C327-421B-8502-AB6F676DB5A0}.Release|Any CPU.ActiveCfg = Release|Any CPU
		{BF596F87-C327-421B-8502-AB6F676DB5A0}.Release|Any CPU.Build.0 = Release|Any CPU
	EndGlobalSection
	GlobalSection(SolutionProperties) = preSolution
		HideSolutionNode = FALSE
	EndGlobalSection
	GlobalSection(NestedProjects) = preSolution
		{BE28C166-020F-41FC-97F4-25DE7B8276C8} = {290E95A2-C95F-4F49-97C4-1D627D374F27}
		{D4073898-E4D0-4931-A1E9-5C454737AC9F} = {99D3B109-2066-4216-B314-D2BB98AF437D}
		{A97814E1-5A34-492E-848E-4B30FF090354} = {5A5DE2C2-198F-4CD2-B48A-CBCBB6AC2FF6}
		{4D08E097-DAA0-4A36-9A9F-33156CD82FEA} = {0A8D27FD-DFD4-4A27-8B69-DD8624D2D650}
		{B053AFBA-9919-443E-A012-F9AFC8A71008} = {957DBFE7-17E2-4E6B-A1ED-3F060F20B63E}
		{DF2C1D42-A78C-4C76-A5DC-C937CBD49100} = {957DBFE7-17E2-4E6B-A1ED-3F060F20B63E}
		{8296AFCC-F771-4E57-A0DA-A94A0CA5E904} = {889579E0-547A-48B7-B900-2755245569A7}
		{4A61C0A1-BFA5-4057-80EC-58939FFBB8EF} = {24A8CCE3-8285-4F85-B377-96A7BE33A963}
		{AF23D1D6-5294-40F4-B4C0-734FE49C8D55} = {5A5DE2C2-198F-4CD2-B48A-CBCBB6AC2FF6}
		{21C900EB-BA30-4485-A7A0-A42F9E80AF6F} = {5373266D-26D5-4DC3-BB88-0E0556C3FAD9}
		{C9E9A13A-8D97-421F-B6A2-DDE4F3FC4BA1} = {957DBFE7-17E2-4E6B-A1ED-3F060F20B63E}
		{BF596F87-C327-421B-8502-AB6F676DB5A0} = {957DBFE7-17E2-4E6B-A1ED-3F060F20B63E}
	EndGlobalSection
EndGlobal
