
Microsoft Visual Studio Solution File, Format Version 11.00
# Visual Studio 2010
Project("{FAE04EC0-301F-11D3-BF4B-00C04F79EFBC}") = "BitAuto.DSC.IM_2015.Dal", "BitAuto.DSC.IM_2015.Dal\BitAuto.DSC.IM_2015.Dal.csproj", "{BFE1A29B-8D28-40F9-8F36-DB99BE5218AB}"
EndProject
Project("{FAE04EC0-301F-11D3-BF4B-00C04F79EFBC}") = "BitAuto.DSC.IM_2015.Core", "BitAuto.DSC.IM_2015.Core\BitAuto.DSC.IM_2015.Core.csproj", "{0A710528-84BD-4E60-8D9F-733BE4AFE464}"
EndProject
Project("{FAE04EC0-301F-11D3-BF4B-00C04F79EFBC}") = "BitAtuo.DSC.IM_2015.UserMessageMail", "BitAtuo.DSC.IM_2015.UserMessageMail\BitAtuo.DSC.IM_2015.UserMessageMail.csproj", "{A508B784-E02D-4C7A-BDE8-2F90E130652C}"
EndProject
Project("{FAE04EC0-301F-11D3-BF4B-00C04F79EFBC}") = "BitAuto.DSC.IM_2015.BLL", "BitAuto.DSC.IM_2015.BLL\BitAuto.DSC.IM_2015.BLL.csproj", "{18A22BDB-FFF7-4A11-BB26-9B6A8A708029}"
EndProject
Project("{FAE04EC0-301F-11D3-BF4B-00C04F79EFBC}") = "BitAuto.DSC.IM_2015.EPLogin.Test", "BitAuto.DSC.IM_2015.EPLogin.Test\BitAuto.DSC.IM_2015.EPLogin.Test.csproj", "{AAA0062C-D18D-4AE8-BA41-DC32B1872ADF}"
EndProject
Project("{FAE04EC0-301F-11D3-BF4B-00C04F79EFBC}") = "BitAuto.DSC.IM_2015.Web", "BitAuto.DSC.IM_2015.Web\BitAuto.DSC.IM_2015.Web.csproj", "{E2E9627E-9E72-43E8-BBD3-B129633C4CEA}"
EndProject
Project("{FAE04EC0-301F-11D3-BF4B-00C04F79EFBC}") = "BitAuto.DSC.IM_2015.WebService", "BitAuto.DSC.IM_2015.WebService\BitAuto.DSC.IM_2015.WebService.csproj", "{319B89E4-8A2F-49C8-8B6E-36E05FE9C1F1}"
EndProject
Project("{FAE04EC0-301F-11D3-BF4B-00C04F79EFBC}") = "IMPressureTest", "IMPressureTest\IMPressureTest.csproj", "{30B2D0C0-897F-4CCD-9B18-FDC02E84CEBD}"
EndProject
Project("{FAE04EC0-301F-11D3-BF4B-00C04F79EFBC}") = "TestCCInterface", "TestCCInterface\TestCCInterface.csproj", "{C50A9D84-077B-4DF3-B280-5752A5C88696}"
EndProject
Project("{FAE04EC0-301F-11D3-BF4B-00C04F79EFBC}") = "BitAuto.DSC.IM_2015.Entities", "BitAuto.DSC.IM_2015.Entities\BitAuto.DSC.IM_2015.Entities.csproj", "{98B6A1C0-8EB6-43A9-8582-969F0CA0E6A3}"
EndProject
Project("{FAE04EC0-301F-11D3-BF4B-00C04F79EFBC}") = "BitAuto.DSC.IM_2015.MainWindowsService", "BitAuto.DSC.IM_2015.MainWindowsService\BitAuto.DSC.IM_2015.MainWindowsService.csproj", "{C546BF0E-3B6D-4FFE-AA5C-C073637EAEBB}"
EndProject
Project("{FAE04EC0-301F-11D3-BF4B-00C04F79EFBC}") = "BitAuto.DSC.IM_2015.MainInterface", "BitAuto.DSC.IM_2015.MainInterface\BitAuto.DSC.IM_2015.MainInterface.csproj", "{56CDD2C4-537F-4339-A7DF-9EB67262C838}"
EndProject
Project("{FAE04EC0-301F-11D3-BF4B-00C04F79EFBC}") = "ServiceHostTest", "ServiceHostTest\ServiceHostTest.csproj", "{E511E432-9750-49D4-A125-56379CDD6778}"
EndProject
Global
	GlobalSection(TeamFoundationVersionControl) = preSolution
		SccNumberOfProjects = 14
		SccEnterpriseProvider = {4CA58AB2-18FA-4F8D-95D4-32DDF27D184C}
		SccTeamFoundationServer = http://tfs2010.tech.bitauto.com:8080/tfs/bitauto
		SccLocalPath0 = .
		SccProjectUniqueName1 = BitAuto.DSC.IM_2015.Dal\\BitAuto.DSC.IM_2015.Dal.csproj
		SccProjectName1 = BitAuto.DSC.IM_2015.Dal
		SccLocalPath1 = BitAuto.DSC.IM_2015.Dal
		SccProjectUniqueName2 = BitAuto.DSC.IM_2015.Core\\BitAuto.DSC.IM_2015.Core.csproj
		SccProjectName2 = BitAuto.DSC.IM_2015.Core
		SccLocalPath2 = BitAuto.DSC.IM_2015.Core
		SccProjectUniqueName3 = BitAtuo.DSC.IM_2015.UserMessageMail\\BitAtuo.DSC.IM_2015.UserMessageMail.csproj
		SccProjectName3 = BitAtuo.DSC.IM_2015.UserMessageMail
		SccLocalPath3 = BitAtuo.DSC.IM_2015.UserMessageMail
		SccProjectUniqueName4 = BitAuto.DSC.IM_2015.BLL\\BitAuto.DSC.IM_2015.BLL.csproj
		SccProjectName4 = BitAuto.DSC.IM_2015.BLL
		SccLocalPath4 = BitAuto.DSC.IM_2015.BLL
		SccProjectUniqueName5 = BitAuto.DSC.IM_2015.EPLogin.Test\\BitAuto.DSC.IM_2015.EPLogin.Test.csproj
		SccProjectName5 = BitAuto.DSC.IM_2015.EPLogin.Test
		SccLocalPath5 = BitAuto.DSC.IM_2015.EPLogin.Test
		SccProjectUniqueName6 = BitAuto.DSC.IM_2015.Web\\BitAuto.DSC.IM_2015.Web.csproj
		SccProjectName6 = BitAuto.DSC.IM_2015.Web
		SccLocalPath6 = BitAuto.DSC.IM_2015.Web
		SccProjectUniqueName7 = BitAuto.DSC.IM_2015.WebService\\BitAuto.DSC.IM_2015.WebService.csproj
		SccProjectName7 = BitAuto.DSC.IM_2015.WebService
		SccLocalPath7 = BitAuto.DSC.IM_2015.WebService
		SccProjectUniqueName8 = IMPressureTest\\IMPressureTest.csproj
		SccProjectName8 = IMPressureTest
		SccLocalPath8 = IMPressureTest
		SccProjectUniqueName9 = TestCCInterface\\TestCCInterface.csproj
		SccProjectName9 = TestCCInterface
		SccLocalPath9 = TestCCInterface
		SccProjectUniqueName10 = BitAuto.DSC.IM_2015.Entities\\BitAuto.DSC.IM_2015.Entities.csproj
		SccProjectName10 = BitAuto.DSC.IM_2015.Entities
		SccLocalPath10 = BitAuto.DSC.IM_2015.Entities
		SccProjectUniqueName11 = BitAuto.DSC.IM_2015.MainWindowsService\\BitAuto.DSC.IM_2015.MainWindowsService.csproj
		SccProjectName11 = BitAuto.DSC.IM_2015.MainWindowsService
		SccLocalPath11 = BitAuto.DSC.IM_2015.MainWindowsService
		SccProjectUniqueName12 = BitAuto.DSC.IM_2015.MainInterface\\BitAuto.DSC.IM_2015.MainInterface.csproj
		SccProjectName12 = BitAuto.DSC.IM_2015.MainInterface
		SccLocalPath12 = BitAuto.DSC.IM_2015.MainInterface
		SccProjectUniqueName13 = ServiceHostTest\\ServiceHostTest.csproj
		SccProjectName13 = ServiceHostTest
		SccLocalPath13 = ServiceHostTest
	EndGlobalSection
	GlobalSection(SolutionConfigurationPlatforms) = preSolution
		Debug|Any CPU = Debug|Any CPU
		Debug|Mixed Platforms = Debug|Mixed Platforms
		Debug|x86 = Debug|x86
		Release|Any CPU = Release|Any CPU
		Release|Mixed Platforms = Release|Mixed Platforms
		Release|x86 = Release|x86
	EndGlobalSection
	GlobalSection(ProjectConfigurationPlatforms) = postSolution
		{BFE1A29B-8D28-40F9-8F36-DB99BE5218AB}.Debug|Any CPU.ActiveCfg = Debug|Any CPU
		{BFE1A29B-8D28-40F9-8F36-DB99BE5218AB}.Debug|Any CPU.Build.0 = Debug|Any CPU
		{BFE1A29B-8D28-40F9-8F36-DB99BE5218AB}.Debug|Mixed Platforms.ActiveCfg = Debug|Any CPU
		{BFE1A29B-8D28-40F9-8F36-DB99BE5218AB}.Debug|Mixed Platforms.Build.0 = Debug|Any CPU
		{BFE1A29B-8D28-40F9-8F36-DB99BE5218AB}.Debug|x86.ActiveCfg = Debug|Any CPU
		{BFE1A29B-8D28-40F9-8F36-DB99BE5218AB}.Release|Any CPU.ActiveCfg = Release|Any CPU
		{BFE1A29B-8D28-40F9-8F36-DB99BE5218AB}.Release|Any CPU.Build.0 = Release|Any CPU
		{BFE1A29B-8D28-40F9-8F36-DB99BE5218AB}.Release|Mixed Platforms.ActiveCfg = Release|Any CPU
		{BFE1A29B-8D28-40F9-8F36-DB99BE5218AB}.Release|Mixed Platforms.Build.0 = Release|Any CPU
		{BFE1A29B-8D28-40F9-8F36-DB99BE5218AB}.Release|x86.ActiveCfg = Release|Any CPU
		{0A710528-84BD-4E60-8D9F-733BE4AFE464}.Debug|Any CPU.ActiveCfg = Debug|Any CPU
		{0A710528-84BD-4E60-8D9F-733BE4AFE464}.Debug|Any CPU.Build.0 = Debug|Any CPU
		{0A710528-84BD-4E60-8D9F-733BE4AFE464}.Debug|Mixed Platforms.ActiveCfg = Debug|Any CPU
		{0A710528-84BD-4E60-8D9F-733BE4AFE464}.Debug|Mixed Platforms.Build.0 = Debug|Any CPU
		{0A710528-84BD-4E60-8D9F-733BE4AFE464}.Debug|x86.ActiveCfg = Debug|Any CPU
		{0A710528-84BD-4E60-8D9F-733BE4AFE464}.Release|Any CPU.ActiveCfg = Release|Any CPU
		{0A710528-84BD-4E60-8D9F-733BE4AFE464}.Release|Any CPU.Build.0 = Release|Any CPU
		{0A710528-84BD-4E60-8D9F-733BE4AFE464}.Release|Mixed Platforms.ActiveCfg = Release|Any CPU
		{0A710528-84BD-4E60-8D9F-733BE4AFE464}.Release|Mixed Platforms.Build.0 = Release|Any CPU
		{0A710528-84BD-4E60-8D9F-733BE4AFE464}.Release|x86.ActiveCfg = Release|Any CPU
		{A508B784-E02D-4C7A-BDE8-2F90E130652C}.Debug|Any CPU.ActiveCfg = Debug|Any CPU
		{A508B784-E02D-4C7A-BDE8-2F90E130652C}.Debug|Any CPU.Build.0 = Debug|Any CPU
		{A508B784-E02D-4C7A-BDE8-2F90E130652C}.Debug|Mixed Platforms.ActiveCfg = Debug|Any CPU
		{A508B784-E02D-4C7A-BDE8-2F90E130652C}.Debug|Mixed Platforms.Build.0 = Debug|Any CPU
		{A508B784-E02D-4C7A-BDE8-2F90E130652C}.Debug|x86.ActiveCfg = Debug|Any CPU
		{A508B784-E02D-4C7A-BDE8-2F90E130652C}.Release|Any CPU.ActiveCfg = Release|Any CPU
		{A508B784-E02D-4C7A-BDE8-2F90E130652C}.Release|Any CPU.Build.0 = Release|Any CPU
		{A508B784-E02D-4C7A-BDE8-2F90E130652C}.Release|Mixed Platforms.ActiveCfg = Release|Any CPU
		{A508B784-E02D-4C7A-BDE8-2F90E130652C}.Release|Mixed Platforms.Build.0 = Release|Any CPU
		{A508B784-E02D-4C7A-BDE8-2F90E130652C}.Release|x86.ActiveCfg = Release|Any CPU
		{18A22BDB-FFF7-4A11-BB26-9B6A8A708029}.Debug|Any CPU.ActiveCfg = Debug|Any CPU
		{18A22BDB-FFF7-4A11-BB26-9B6A8A708029}.Debug|Any CPU.Build.0 = Debug|Any CPU
		{18A22BDB-FFF7-4A11-BB26-9B6A8A708029}.Debug|Mixed Platforms.ActiveCfg = Debug|Any CPU
		{18A22BDB-FFF7-4A11-BB26-9B6A8A708029}.Debug|Mixed Platforms.Build.0 = Debug|Any CPU
		{18A22BDB-FFF7-4A11-BB26-9B6A8A708029}.Debug|x86.ActiveCfg = Debug|Any CPU
		{18A22BDB-FFF7-4A11-BB26-9B6A8A708029}.Release|Any CPU.ActiveCfg = Release|Any CPU
		{18A22BDB-FFF7-4A11-BB26-9B6A8A708029}.Release|Any CPU.Build.0 = Release|Any CPU
		{18A22BDB-FFF7-4A11-BB26-9B6A8A708029}.Release|Mixed Platforms.ActiveCfg = Release|Any CPU
		{18A22BDB-FFF7-4A11-BB26-9B6A8A708029}.Release|Mixed Platforms.Build.0 = Release|Any CPU
		{18A22BDB-FFF7-4A11-BB26-9B6A8A708029}.Release|x86.ActiveCfg = Release|Any CPU
		{AAA0062C-D18D-4AE8-BA41-DC32B1872ADF}.Debug|Any CPU.ActiveCfg = Debug|Any CPU
		{AAA0062C-D18D-4AE8-BA41-DC32B1872ADF}.Debug|Any CPU.Build.0 = Debug|Any CPU
		{AAA0062C-D18D-4AE8-BA41-DC32B1872ADF}.Debug|Mixed Platforms.ActiveCfg = Debug|Any CPU
		{AAA0062C-D18D-4AE8-BA41-DC32B1872ADF}.Debug|Mixed Platforms.Build.0 = Debug|Any CPU
		{AAA0062C-D18D-4AE8-BA41-DC32B1872ADF}.Debug|x86.ActiveCfg = Debug|Any CPU
		{AAA0062C-D18D-4AE8-BA41-DC32B1872ADF}.Release|Any CPU.ActiveCfg = Release|Any CPU
		{AAA0062C-D18D-4AE8-BA41-DC32B1872ADF}.Release|Any CPU.Build.0 = Release|Any CPU
		{AAA0062C-D18D-4AE8-BA41-DC32B1872ADF}.Release|Mixed Platforms.ActiveCfg = Release|Any CPU
		{AAA0062C-D18D-4AE8-BA41-DC32B1872ADF}.Release|Mixed Platforms.Build.0 = Release|Any CPU
		{AAA0062C-D18D-4AE8-BA41-DC32B1872ADF}.Release|x86.ActiveCfg = Release|Any CPU
		{E2E9627E-9E72-43E8-BBD3-B129633C4CEA}.Debug|Any CPU.ActiveCfg = Debug|Any CPU
		{E2E9627E-9E72-43E8-BBD3-B129633C4CEA}.Debug|Any CPU.Build.0 = Debug|Any CPU
		{E2E9627E-9E72-43E8-BBD3-B129633C4CEA}.Debug|Mixed Platforms.ActiveCfg = Debug|Any CPU
		{E2E9627E-9E72-43E8-BBD3-B129633C4CEA}.Debug|Mixed Platforms.Build.0 = Debug|Any CPU
		{E2E9627E-9E72-43E8-BBD3-B129633C4CEA}.Debug|x86.ActiveCfg = Debug|Any CPU
		{E2E9627E-9E72-43E8-BBD3-B129633C4CEA}.Release|Any CPU.ActiveCfg = Release|Any CPU
		{E2E9627E-9E72-43E8-BBD3-B129633C4CEA}.Release|Any CPU.Build.0 = Release|Any CPU
		{E2E9627E-9E72-43E8-BBD3-B129633C4CEA}.Release|Mixed Platforms.ActiveCfg = Release|Any CPU
		{E2E9627E-9E72-43E8-BBD3-B129633C4CEA}.Release|Mixed Platforms.Build.0 = Release|Any CPU
		{E2E9627E-9E72-43E8-BBD3-B129633C4CEA}.Release|x86.ActiveCfg = Release|Any CPU
		{319B89E4-8A2F-49C8-8B6E-36E05FE9C1F1}.Debug|Any CPU.ActiveCfg = Debug|Any CPU
		{319B89E4-8A2F-49C8-8B6E-36E05FE9C1F1}.Debug|Any CPU.Build.0 = Debug|Any CPU
		{319B89E4-8A2F-49C8-8B6E-36E05FE9C1F1}.Debug|Mixed Platforms.ActiveCfg = Debug|Any CPU
		{319B89E4-8A2F-49C8-8B6E-36E05FE9C1F1}.Debug|Mixed Platforms.Build.0 = Debug|Any CPU
		{319B89E4-8A2F-49C8-8B6E-36E05FE9C1F1}.Debug|x86.ActiveCfg = Debug|Any CPU
		{319B89E4-8A2F-49C8-8B6E-36E05FE9C1F1}.Release|Any CPU.ActiveCfg = Release|Any CPU
		{319B89E4-8A2F-49C8-8B6E-36E05FE9C1F1}.Release|Any CPU.Build.0 = Release|Any CPU
		{319B89E4-8A2F-49C8-8B6E-36E05FE9C1F1}.Release|Mixed Platforms.ActiveCfg = Release|Any CPU
		{319B89E4-8A2F-49C8-8B6E-36E05FE9C1F1}.Release|Mixed Platforms.Build.0 = Release|Any CPU
		{319B89E4-8A2F-49C8-8B6E-36E05FE9C1F1}.Release|x86.ActiveCfg = Release|Any CPU
		{30B2D0C0-897F-4CCD-9B18-FDC02E84CEBD}.Debug|Any CPU.ActiveCfg = Debug|x86
		{30B2D0C0-897F-4CCD-9B18-FDC02E84CEBD}.Debug|Mixed Platforms.ActiveCfg = Debug|x86
		{30B2D0C0-897F-4CCD-9B18-FDC02E84CEBD}.Debug|Mixed Platforms.Build.0 = Debug|x86
		{30B2D0C0-897F-4CCD-9B18-FDC02E84CEBD}.Debug|x86.ActiveCfg = Debug|x86
		{30B2D0C0-897F-4CCD-9B18-FDC02E84CEBD}.Debug|x86.Build.0 = Debug|x86
		{30B2D0C0-897F-4CCD-9B18-FDC02E84CEBD}.Release|Any CPU.ActiveCfg = Release|x86
		{30B2D0C0-897F-4CCD-9B18-FDC02E84CEBD}.Release|Mixed Platforms.ActiveCfg = Release|x86
		{30B2D0C0-897F-4CCD-9B18-FDC02E84CEBD}.Release|Mixed Platforms.Build.0 = Release|x86
		{30B2D0C0-897F-4CCD-9B18-FDC02E84CEBD}.Release|x86.ActiveCfg = Release|x86
		{30B2D0C0-897F-4CCD-9B18-FDC02E84CEBD}.Release|x86.Build.0 = Release|x86
		{C50A9D84-077B-4DF3-B280-5752A5C88696}.Debug|Any CPU.ActiveCfg = Debug|Any CPU
		{C50A9D84-077B-4DF3-B280-5752A5C88696}.Debug|Any CPU.Build.0 = Debug|Any CPU
		{C50A9D84-077B-4DF3-B280-5752A5C88696}.Debug|Mixed Platforms.ActiveCfg = Debug|Any CPU
		{C50A9D84-077B-4DF3-B280-5752A5C88696}.Debug|Mixed Platforms.Build.0 = Debug|Any CPU
		{C50A9D84-077B-4DF3-B280-5752A5C88696}.Debug|x86.ActiveCfg = Debug|Any CPU
		{C50A9D84-077B-4DF3-B280-5752A5C88696}.Release|Any CPU.ActiveCfg = Release|Any CPU
		{C50A9D84-077B-4DF3-B280-5752A5C88696}.Release|Any CPU.Build.0 = Release|Any CPU
		{C50A9D84-077B-4DF3-B280-5752A5C88696}.Release|Mixed Platforms.ActiveCfg = Release|Any CPU
		{C50A9D84-077B-4DF3-B280-5752A5C88696}.Release|Mixed Platforms.Build.0 = Release|Any CPU
		{C50A9D84-077B-4DF3-B280-5752A5C88696}.Release|x86.ActiveCfg = Release|Any CPU
		{98B6A1C0-8EB6-43A9-8582-969F0CA0E6A3}.Debug|Any CPU.ActiveCfg = Debug|Any CPU
		{98B6A1C0-8EB6-43A9-8582-969F0CA0E6A3}.Debug|Any CPU.Build.0 = Debug|Any CPU
		{98B6A1C0-8EB6-43A9-8582-969F0CA0E6A3}.Debug|Mixed Platforms.ActiveCfg = Debug|Any CPU
		{98B6A1C0-8EB6-43A9-8582-969F0CA0E6A3}.Debug|Mixed Platforms.Build.0 = Debug|Any CPU
		{98B6A1C0-8EB6-43A9-8582-969F0CA0E6A3}.Debug|x86.ActiveCfg = Debug|Any CPU
		{98B6A1C0-8EB6-43A9-8582-969F0CA0E6A3}.Release|Any CPU.ActiveCfg = Release|Any CPU
		{98B6A1C0-8EB6-43A9-8582-969F0CA0E6A3}.Release|Any CPU.Build.0 = Release|Any CPU
		{98B6A1C0-8EB6-43A9-8582-969F0CA0E6A3}.Release|Mixed Platforms.ActiveCfg = Release|Any CPU
		{98B6A1C0-8EB6-43A9-8582-969F0CA0E6A3}.Release|Mixed Platforms.Build.0 = Release|Any CPU
		{98B6A1C0-8EB6-43A9-8582-969F0CA0E6A3}.Release|x86.ActiveCfg = Release|Any CPU
		{C546BF0E-3B6D-4FFE-AA5C-C073637EAEBB}.Debug|Any CPU.ActiveCfg = Debug|x86
		{C546BF0E-3B6D-4FFE-AA5C-C073637EAEBB}.Debug|Mixed Platforms.ActiveCfg = Debug|x86
		{C546BF0E-3B6D-4FFE-AA5C-C073637EAEBB}.Debug|Mixed Platforms.Build.0 = Debug|x86
		{C546BF0E-3B6D-4FFE-AA5C-C073637EAEBB}.Debug|x86.ActiveCfg = Debug|x86
		{C546BF0E-3B6D-4FFE-AA5C-C073637EAEBB}.Debug|x86.Build.0 = Debug|x86
		{C546BF0E-3B6D-4FFE-AA5C-C073637EAEBB}.Release|Any CPU.ActiveCfg = Release|x86
		{C546BF0E-3B6D-4FFE-AA5C-C073637EAEBB}.Release|Mixed Platforms.ActiveCfg = Release|x86
		{C546BF0E-3B6D-4FFE-AA5C-C073637EAEBB}.Release|Mixed Platforms.Build.0 = Release|x86
		{C546BF0E-3B6D-4FFE-AA5C-C073637EAEBB}.Release|x86.ActiveCfg = Release|x86
		{C546BF0E-3B6D-4FFE-AA5C-C073637EAEBB}.Release|x86.Build.0 = Release|x86
		{56CDD2C4-537F-4339-A7DF-9EB67262C838}.Debug|Any CPU.ActiveCfg = Debug|Any CPU
		{56CDD2C4-537F-4339-A7DF-9EB67262C838}.Debug|Any CPU.Build.0 = Debug|Any CPU
		{56CDD2C4-537F-4339-A7DF-9EB67262C838}.Debug|Mixed Platforms.ActiveCfg = Debug|Any CPU
		{56CDD2C4-537F-4339-A7DF-9EB67262C838}.Debug|Mixed Platforms.Build.0 = Debug|Any CPU
		{56CDD2C4-537F-4339-A7DF-9EB67262C838}.Debug|x86.ActiveCfg = Debug|Any CPU
		{56CDD2C4-537F-4339-A7DF-9EB67262C838}.Release|Any CPU.ActiveCfg = Release|Any CPU
		{56CDD2C4-537F-4339-A7DF-9EB67262C838}.Release|Any CPU.Build.0 = Release|Any CPU
		{56CDD2C4-537F-4339-A7DF-9EB67262C838}.Release|Mixed Platforms.ActiveCfg = Release|Any CPU
		{56CDD2C4-537F-4339-A7DF-9EB67262C838}.Release|Mixed Platforms.Build.0 = Release|Any CPU
		{56CDD2C4-537F-4339-A7DF-9EB67262C838}.Release|x86.ActiveCfg = Release|Any CPU
		{E511E432-9750-49D4-A125-56379CDD6778}.Debug|Any CPU.ActiveCfg = Debug|x86
		{E511E432-9750-49D4-A125-56379CDD6778}.Debug|Mixed Platforms.ActiveCfg = Debug|x86
		{E511E432-9750-49D4-A125-56379CDD6778}.Debug|Mixed Platforms.Build.0 = Debug|x86
		{E511E432-9750-49D4-A125-56379CDD6778}.Debug|x86.ActiveCfg = Debug|x86
		{E511E432-9750-49D4-A125-56379CDD6778}.Debug|x86.Build.0 = Debug|x86
		{E511E432-9750-49D4-A125-56379CDD6778}.Release|Any CPU.ActiveCfg = Release|x86
		{E511E432-9750-49D4-A125-56379CDD6778}.Release|Mixed Platforms.ActiveCfg = Release|x86
		{E511E432-9750-49D4-A125-56379CDD6778}.Release|Mixed Platforms.Build.0 = Release|x86
		{E511E432-9750-49D4-A125-56379CDD6778}.Release|x86.ActiveCfg = Release|x86
		{E511E432-9750-49D4-A125-56379CDD6778}.Release|x86.Build.0 = Release|x86
	EndGlobalSection
	GlobalSection(SolutionProperties) = preSolution
		HideSolutionNode = FALSE
	EndGlobalSection
EndGlobal
