
Microsoft Visual Studio Solution File, Format Version 11.00
# Visual Studio 2010
Project("{FAE04EC0-301F-11D3-BF4B-00C04F79EFBC}") = "RCConsole", "RCConsole.csproj", "{2EBDBB75-A08E-4E28-BA3A-6AA706AC518A}"
EndProject
Project("{FAE04EC0-301F-11D3-BF4B-00C04F79EFBC}") = "ActiveXWeb_Demo", "..\ActiveXWeb_Demo\ActiveXWeb_Demo.csproj", "{A6E22498-2C63-4142-84A4-DB1D497210D6}"
EndProject
Project("{FAE04EC0-301F-11D3-BF4B-00C04F79EFBC}") = "MyUserControlLib", "..\MyUserControlLib\MyUserControlLib.csproj", "{375FA1DE-0DE2-4E52-9AA4-5F8167E93B66}"
EndProject
Global
	GlobalSection(SolutionConfigurationPlatforms) = preSolution
		Debug|Any CPU = Debug|Any CPU
		Debug|Mixed Platforms = Debug|Mixed Platforms
		Debug|x86 = Debug|x86
		Release|Any CPU = Release|Any CPU
		Release|Mixed Platforms = Release|Mixed Platforms
		Release|x86 = Release|x86
	EndGlobalSection
	GlobalSection(ProjectConfigurationPlatforms) = postSolution
		{2EBDBB75-A08E-4E28-BA3A-6AA706AC518A}.Debug|Any CPU.ActiveCfg = Debug|Any CPU
		{2EBDBB75-A08E-4E28-BA3A-6AA706AC518A}.Debug|Any CPU.Build.0 = Debug|Any CPU
		{2EBDBB75-A08E-4E28-BA3A-6AA706AC518A}.Debug|Mixed Platforms.ActiveCfg = Debug|Any CPU
		{2EBDBB75-A08E-4E28-BA3A-6AA706AC518A}.Debug|Mixed Platforms.Build.0 = Debug|Any CPU
		{2EBDBB75-A08E-4E28-BA3A-6AA706AC518A}.Debug|x86.ActiveCfg = Debug|Any CPU
		{2EBDBB75-A08E-4E28-BA3A-6AA706AC518A}.Release|Any CPU.ActiveCfg = Release|Any CPU
		{2EBDBB75-A08E-4E28-BA3A-6AA706AC518A}.Release|Any CPU.Build.0 = Release|Any CPU
		{2EBDBB75-A08E-4E28-BA3A-6AA706AC518A}.Release|Mixed Platforms.ActiveCfg = Release|Any CPU
		{2EBDBB75-A08E-4E28-BA3A-6AA706AC518A}.Release|Mixed Platforms.Build.0 = Release|Any CPU
		{2EBDBB75-A08E-4E28-BA3A-6AA706AC518A}.Release|x86.ActiveCfg = Release|Any CPU
		{A6E22498-2C63-4142-84A4-DB1D497210D6}.Debug|Any CPU.ActiveCfg = Debug|Any CPU
		{A6E22498-2C63-4142-84A4-DB1D497210D6}.Debug|Any CPU.Build.0 = Debug|Any CPU
		{A6E22498-2C63-4142-84A4-DB1D497210D6}.Debug|Mixed Platforms.ActiveCfg = Debug|Any CPU
		{A6E22498-2C63-4142-84A4-DB1D497210D6}.Debug|Mixed Platforms.Build.0 = Debug|Any CPU
		{A6E22498-2C63-4142-84A4-DB1D497210D6}.Debug|x86.ActiveCfg = Debug|Any CPU
		{A6E22498-2C63-4142-84A4-DB1D497210D6}.Release|Any CPU.ActiveCfg = Release|Any CPU
		{A6E22498-2C63-4142-84A4-DB1D497210D6}.Release|Any CPU.Build.0 = Release|Any CPU
		{A6E22498-2C63-4142-84A4-DB1D497210D6}.Release|Mixed Platforms.ActiveCfg = Release|Any CPU
		{A6E22498-2C63-4142-84A4-DB1D497210D6}.Release|Mixed Platforms.Build.0 = Release|Any CPU
		{A6E22498-2C63-4142-84A4-DB1D497210D6}.Release|x86.ActiveCfg = Release|Any CPU
		{375FA1DE-0DE2-4E52-9AA4-5F8167E93B66}.Debug|Any CPU.ActiveCfg = Debug|Any CPU
		{375FA1DE-0DE2-4E52-9AA4-5F8167E93B66}.Debug|Any CPU.Build.0 = Debug|Any CPU
		{375FA1DE-0DE2-4E52-9AA4-5F8167E93B66}.Debug|Mixed Platforms.ActiveCfg = Debug|Any CPU
		{375FA1DE-0DE2-4E52-9AA4-5F8167E93B66}.Debug|Mixed Platforms.Build.0 = Debug|Any CPU
		{375FA1DE-0DE2-4E52-9AA4-5F8167E93B66}.Debug|x86.ActiveCfg = Debug|Any CPU
		{375FA1DE-0DE2-4E52-9AA4-5F8167E93B66}.Release|Any CPU.ActiveCfg = Release|Any CPU
		{375FA1DE-0DE2-4E52-9AA4-5F8167E93B66}.Release|Any CPU.Build.0 = Release|Any CPU
		{375FA1DE-0DE2-4E52-9AA4-5F8167E93B66}.Release|Mixed Platforms.ActiveCfg = Release|Any CPU
		{375FA1DE-0DE2-4E52-9AA4-5F8167E93B66}.Release|Mixed Platforms.Build.0 = Release|Any CPU
		{375FA1DE-0DE2-4E52-9AA4-5F8167E93B66}.Release|x86.ActiveCfg = Release|Any CPU
	EndGlobalSection
	GlobalSection(SolutionProperties) = preSolution
		HideSolutionNode = FALSE
	EndGlobalSection
EndGlobal
