
Microsoft Visual Studio Solution File, Format Version 11.00
# Visual Studio 2010
Project("{FAE04EC0-301F-11D3-BF4B-00C04F79EFBC}") = "BitAuto.DSC.IM_DMS2014.BLL", "BitAuto.DSC.IM_DMS2014.BLL\BitAuto.DSC.IM_DMS2014.BLL.csproj", "{A6297D5E-CECA-4C52-9717-17FB4D436AB7}"
EndProject
Project("{FAE04EC0-301F-11D3-BF4B-00C04F79EFBC}") = "BitAuto.DSC.IM_DMS2014.Core", "BitAuto.DSC.IM_DMS2014.Core\BitAuto.DSC.IM_DMS2014.Core.csproj", "{2E73D220-1E72-4DF0-BE6A-90B87426FED2}"
EndProject
Project("{FAE04EC0-301F-11D3-BF4B-00C04F79EFBC}") = "BitAuto.DSC.IM_DMS2014.Entities", "BitAuto.DSC.IM_DMS2014.Entities\BitAuto.DSC.IM_DMS2014.Entities.csproj", "{94B33F7E-9457-4560-9E42-DB3CFEB4DC1F}"
EndProject
Project("{FAE04EC0-301F-11D3-BF4B-00C04F79EFBC}") = "BitAuto.DSC.IM_DMS2014.Web", "BitAuto.DSC.IM_DMS2014.Web\BitAuto.DSC.IM_DMS2014.Web.csproj", "{A1118947-11AE-4D08-A623-3E93C902F091}"
EndProject
Project("{FAE04EC0-301F-11D3-BF4B-00C04F79EFBC}") = "BitAuto.DSC.IM_DMS2014.Dal", "BitAuto.DSC.IM_DMS2014.Dal\BitAuto.DSC.IM_DMS2014.Dal.csproj", "{92FBA738-6779-46A3-BD6F-580ECCE8A13E}"
EndProject
Project("{FAE04EC0-301F-11D3-BF4B-00C04F79EFBC}") = "BitAuto.DSC.IM_DMS2014.EPLogin.Test", "BitAuto.DSC.IM_DMS2014.EPLogin.Test\BitAuto.DSC.IM_DMS2014.EPLogin.Test.csproj", "{08D28A69-2A54-4C2B-8431-661CBEA79A68}"
EndProject
Project("{FAE04EC0-301F-11D3-BF4B-00C04F79EFBC}") = "BitAuto.DSC.IM_DMS2014.WebService", "BitAuto.DSC.IM_DMS2014.WebService\BitAuto.DSC.IM_DMS2014.WebService.csproj", "{76B7DFA2-3F38-4E2C-8AD0-FFD1AA3B9EE4}"
EndProject
Global
	GlobalSection(TeamFoundationVersionControl) = preSolution
		SccNumberOfProjects = 8
		SccEnterpriseProvider = {4CA58AB2-18FA-4F8D-95D4-32DDF27D184C}
		SccTeamFoundationServer = http://xsj-tfs2013-app.tech.bitauto.com:8080/tfs/bitauto
		SccLocalPath0 = .
		SccProjectUniqueName1 = BitAuto.DSC.IM_DMS2014.BLL\\BitAuto.DSC.IM_DMS2014.BLL.csproj
		SccProjectName1 = BitAuto.DSC.IM_DMS2014.BLL
		SccLocalPath1 = BitAuto.DSC.IM_DMS2014.BLL
		SccProjectUniqueName2 = BitAuto.DSC.IM_DMS2014.Core\\BitAuto.DSC.IM_DMS2014.Core.csproj
		SccProjectName2 = BitAuto.DSC.IM_DMS2014.Core
		SccLocalPath2 = BitAuto.DSC.IM_DMS2014.Core
		SccProjectUniqueName3 = BitAuto.DSC.IM_DMS2014.Entities\\BitAuto.DSC.IM_DMS2014.Entities.csproj
		SccProjectName3 = BitAuto.DSC.IM_DMS2014.Entities
		SccLocalPath3 = BitAuto.DSC.IM_DMS2014.Entities
		SccProjectUniqueName4 = BitAuto.DSC.IM_DMS2014.Web\\BitAuto.DSC.IM_DMS2014.Web.csproj
		SccProjectName4 = BitAuto.DSC.IM_DMS2014.Web
		SccLocalPath4 = BitAuto.DSC.IM_DMS2014.Web
		SccProjectUniqueName5 = BitAuto.DSC.IM_DMS2014.Dal\\BitAuto.DSC.IM_DMS2014.Dal.csproj
		SccProjectName5 = BitAuto.DSC.IM_DMS2014.Dal
		SccLocalPath5 = BitAuto.DSC.IM_DMS2014.Dal
		SccProjectUniqueName6 = BitAuto.DSC.IM_DMS2014.EPLogin.Test\\BitAuto.DSC.IM_DMS2014.EPLogin.Test.csproj
		SccProjectName6 = BitAuto.DSC.IM_DMS2014.EPLogin.Test
		SccLocalPath6 = BitAuto.DSC.IM_DMS2014.EPLogin.Test
		SccProjectUniqueName7 = BitAuto.DSC.IM_DMS2014.WebService\\BitAuto.DSC.IM_DMS2014.WebService.csproj
		SccProjectName7 = BitAuto.DSC.IM_DMS2014.WebService
		SccLocalPath7 = BitAuto.DSC.IM_DMS2014.WebService
	EndGlobalSection
	GlobalSection(SolutionConfigurationPlatforms) = preSolution
		Debug|Any CPU = Debug|Any CPU
		Release|Any CPU = Release|Any CPU
	EndGlobalSection
	GlobalSection(ProjectConfigurationPlatforms) = postSolution
		{A6297D5E-CECA-4C52-9717-17FB4D436AB7}.Debug|Any CPU.ActiveCfg = Debug|Any CPU
		{A6297D5E-CECA-4C52-9717-17FB4D436AB7}.Debug|Any CPU.Build.0 = Debug|Any CPU
		{A6297D5E-CECA-4C52-9717-17FB4D436AB7}.Release|Any CPU.ActiveCfg = Release|Any CPU
		{A6297D5E-CECA-4C52-9717-17FB4D436AB7}.Release|Any CPU.Build.0 = Release|Any CPU
		{2E73D220-1E72-4DF0-BE6A-90B87426FED2}.Debug|Any CPU.ActiveCfg = Debug|Any CPU
		{2E73D220-1E72-4DF0-BE6A-90B87426FED2}.Debug|Any CPU.Build.0 = Debug|Any CPU
		{2E73D220-1E72-4DF0-BE6A-90B87426FED2}.Release|Any CPU.ActiveCfg = Release|Any CPU
		{2E73D220-1E72-4DF0-BE6A-90B87426FED2}.Release|Any CPU.Build.0 = Release|Any CPU
		{94B33F7E-9457-4560-9E42-DB3CFEB4DC1F}.Debug|Any CPU.ActiveCfg = Debug|Any CPU
		{94B33F7E-9457-4560-9E42-DB3CFEB4DC1F}.Debug|Any CPU.Build.0 = Debug|Any CPU
		{94B33F7E-9457-4560-9E42-DB3CFEB4DC1F}.Release|Any CPU.ActiveCfg = Release|Any CPU
		{94B33F7E-9457-4560-9E42-DB3CFEB4DC1F}.Release|Any CPU.Build.0 = Release|Any CPU
		{A1118947-11AE-4D08-A623-3E93C902F091}.Debug|Any CPU.ActiveCfg = Debug|Any CPU
		{A1118947-11AE-4D08-A623-3E93C902F091}.Debug|Any CPU.Build.0 = Debug|Any CPU
		{A1118947-11AE-4D08-A623-3E93C902F091}.Release|Any CPU.ActiveCfg = Release|Any CPU
		{A1118947-11AE-4D08-A623-3E93C902F091}.Release|Any CPU.Build.0 = Release|Any CPU
		{92FBA738-6779-46A3-BD6F-580ECCE8A13E}.Debug|Any CPU.ActiveCfg = Debug|Any CPU
		{92FBA738-6779-46A3-BD6F-580ECCE8A13E}.Debug|Any CPU.Build.0 = Debug|Any CPU
		{92FBA738-6779-46A3-BD6F-580ECCE8A13E}.Release|Any CPU.ActiveCfg = Release|Any CPU
		{92FBA738-6779-46A3-BD6F-580ECCE8A13E}.Release|Any CPU.Build.0 = Release|Any CPU
		{08D28A69-2A54-4C2B-8431-661CBEA79A68}.Debug|Any CPU.ActiveCfg = Debug|Any CPU
		{08D28A69-2A54-4C2B-8431-661CBEA79A68}.Debug|Any CPU.Build.0 = Debug|Any CPU
		{08D28A69-2A54-4C2B-8431-661CBEA79A68}.Release|Any CPU.ActiveCfg = Release|Any CPU
		{08D28A69-2A54-4C2B-8431-661CBEA79A68}.Release|Any CPU.Build.0 = Release|Any CPU
		{76B7DFA2-3F38-4E2C-8AD0-FFD1AA3B9EE4}.Debug|Any CPU.ActiveCfg = Debug|Any CPU
		{76B7DFA2-3F38-4E2C-8AD0-FFD1AA3B9EE4}.Debug|Any CPU.Build.0 = Debug|Any CPU
		{76B7DFA2-3F38-4E2C-8AD0-FFD1AA3B9EE4}.Release|Any CPU.ActiveCfg = Release|Any CPU
		{76B7DFA2-3F38-4E2C-8AD0-FFD1AA3B9EE4}.Release|Any CPU.Build.0 = Release|Any CPU
	EndGlobalSection
	GlobalSection(SolutionProperties) = preSolution
		HideSolutionNode = FALSE
	EndGlobalSection
EndGlobal
