
Microsoft Visual Studio Solution File, Format Version 12.00
# Visual Studio 14
VisualStudioVersion = 14.0.25420.1
MinimumVisualStudioVersion = 10.0.40219.1
Project("{FAE04EC0-301F-11D3-BF4B-00C04F79EFBC}") = "XYAuto.BUOC.BOP2017.Entities", "..\XYAuto.BUOC.BOP2017.Entities\XYAuto.BUOC.BOP2017.Entities.csproj", "{5F10F95C-9644-47A1-961C-BBB77D709F85}"
EndProject
Project("{FAE04EC0-301F-11D3-BF4B-00C04F79EFBC}") = "XYAuto.BUOC.BOP2017.Dal", "..\XYAuto.BUOC.BOP2017.Dal\XYAuto.BUOC.BOP2017.Dal.csproj", "{28296350-0F29-4ED6-9FB2-66922012B05E}"
EndProject
Project("{FAE04EC0-301F-11D3-BF4B-00C04F79EFBC}") = "XYAuto.BUOC.BOP2017.BLL", "..\XYAuto.BUOC.BOP2017.BLL\XYAuto.BUOC.BOP2017.BLL.csproj", "{70CD3F41-0D2C-4DD5-8AF0-489F1E524F76}"
EndProject
Project("{FAE04EC0-301F-11D3-BF4B-00C04F79EFBC}") = "XYAuto.BUOC.BOP2017.Web", "..\XYAuto.BUOC.BOP2017.Web\XYAuto.BUOC.BOP2017.Web.csproj", "{2FC85781-BE22-4125-BAAA-EEFF210C4126}"
EndProject
Project("{FAE04EC0-301F-11D3-BF4B-00C04F79EFBC}") = "XYAuto.BUOC.BOP2017.WebAPI", "..\XYAuto.BUOC.BOP2017.WebAPI\XYAuto.BUOC.BOP2017.WebAPI.csproj", "{17CECEE6-11B1-414C-B0E0-3BB24E5BB6B5}"
EndProject
Project("{2150E333-8FDC-42A3-9474-1A3956D46DE8}") = "WindowServer", "WindowServer", "{DE8F2862-573A-420E-AC6F-CCB8B752B9E2}"
EndProject
Project("{2150E333-8FDC-42A3-9474-1A3956D46DE8}") = "UnitTesting", "UnitTesting", "{B3A3415D-1C1B-4477-9BCF-108A6C33381C}"
EndProject
Project("{2150E333-8FDC-42A3-9474-1A3956D46DE8}") = "ExternalApi", "ExternalApi", "{D0CEC73B-612B-4BB7-891F-9390C3106A8A}"
EndProject
Project("{FAE04EC0-301F-11D3-BF4B-00C04F79EFBC}") = "XYAuto.BUOC.BOP2017.ExternalApi", "..\ExternalApi\XYAuto.BUOC.BOP2017.ExternalApi\XYAuto.BUOC.BOP2017.ExternalApi.csproj", "{B3106EB6-62A3-40B3-8EA0-0517CF3F83A7}"
EndProject
Project("{FAE04EC0-301F-11D3-BF4B-00C04F79EFBC}") = "XYAuto.BUOC.BOP2017.Infrastruction", "..\XYAuto.BUOC.BOP2017.Infrastruction\XYAuto.BUOC.BOP2017.Infrastruction.csproj", "{E8922F24-7A3C-4BCE-BA80-976EF04DFB63}"
EndProject
Project("{FAE04EC0-301F-11D3-BF4B-00C04F79EFBC}") = "XYAuto.BUOC.BOP2017.GdtPullData", "..\WindowServer\XYAuto.BUOC.BOP2017.GdtPullData\XYAuto.BUOC.BOP2017.GdtPullData.csproj", "{E103367B-74E3-441A-BD11-867FFEEA26D7}"
EndProject
Project("{FAE04EC0-301F-11D3-BF4B-00C04F79EFBC}") = "XYAuto.BUOC.BOP2017.Test", "..\UnitTesting\XYAuto.BUOC.BOP2017.Test\XYAuto.BUOC.BOP2017.Test.csproj", "{AE214C04-CFB5-43A7-8A83-DD2F4E8F5996}"
EndProject
Project("{FAE04EC0-301F-11D3-BF4B-00C04F79EFBC}") = "XYAuto.BUOC.BOP2017.GdtDeriveUserInfo", "..\WindowServer\XYAuto.BUOC.BOP2017.GdtDeriveUserInfo\XYAuto.BUOC.BOP2017.GdtDeriveUserInfo.csproj", "{9CF35CF8-A8B3-4B2A-A29A-F248DD02E1B6}"
EndProject
Global
	GlobalSection(SolutionConfigurationPlatforms) = preSolution
		Debug|Any CPU = Debug|Any CPU
		Release|Any CPU = Release|Any CPU
	EndGlobalSection
	GlobalSection(ProjectConfigurationPlatforms) = postSolution
		{5F10F95C-9644-47A1-961C-BBB77D709F85}.Debug|Any CPU.ActiveCfg = Debug|Any CPU
		{5F10F95C-9644-47A1-961C-BBB77D709F85}.Debug|Any CPU.Build.0 = Debug|Any CPU
		{5F10F95C-9644-47A1-961C-BBB77D709F85}.Release|Any CPU.ActiveCfg = Release|Any CPU
		{5F10F95C-9644-47A1-961C-BBB77D709F85}.Release|Any CPU.Build.0 = Release|Any CPU
		{28296350-0F29-4ED6-9FB2-66922012B05E}.Debug|Any CPU.ActiveCfg = Debug|Any CPU
		{28296350-0F29-4ED6-9FB2-66922012B05E}.Debug|Any CPU.Build.0 = Debug|Any CPU
		{28296350-0F29-4ED6-9FB2-66922012B05E}.Release|Any CPU.ActiveCfg = Release|Any CPU
		{28296350-0F29-4ED6-9FB2-66922012B05E}.Release|Any CPU.Build.0 = Release|Any CPU
		{70CD3F41-0D2C-4DD5-8AF0-489F1E524F76}.Debug|Any CPU.ActiveCfg = Debug|Any CPU
		{70CD3F41-0D2C-4DD5-8AF0-489F1E524F76}.Debug|Any CPU.Build.0 = Debug|Any CPU
		{70CD3F41-0D2C-4DD5-8AF0-489F1E524F76}.Release|Any CPU.ActiveCfg = Release|Any CPU
		{70CD3F41-0D2C-4DD5-8AF0-489F1E524F76}.Release|Any CPU.Build.0 = Release|Any CPU
		{2FC85781-BE22-4125-BAAA-EEFF210C4126}.Debug|Any CPU.ActiveCfg = Debug|Any CPU
		{2FC85781-BE22-4125-BAAA-EEFF210C4126}.Debug|Any CPU.Build.0 = Debug|Any CPU
		{2FC85781-BE22-4125-BAAA-EEFF210C4126}.Release|Any CPU.ActiveCfg = Release|Any CPU
		{2FC85781-BE22-4125-BAAA-EEFF210C4126}.Release|Any CPU.Build.0 = Release|Any CPU
		{17CECEE6-11B1-414C-B0E0-3BB24E5BB6B5}.Debug|Any CPU.ActiveCfg = Debug|Any CPU
		{17CECEE6-11B1-414C-B0E0-3BB24E5BB6B5}.Debug|Any CPU.Build.0 = Debug|Any CPU
		{17CECEE6-11B1-414C-B0E0-3BB24E5BB6B5}.Release|Any CPU.ActiveCfg = Release|Any CPU
		{17CECEE6-11B1-414C-B0E0-3BB24E5BB6B5}.Release|Any CPU.Build.0 = Release|Any CPU
		{B3106EB6-62A3-40B3-8EA0-0517CF3F83A7}.Debug|Any CPU.ActiveCfg = Debug|Any CPU
		{B3106EB6-62A3-40B3-8EA0-0517CF3F83A7}.Debug|Any CPU.Build.0 = Debug|Any CPU
		{B3106EB6-62A3-40B3-8EA0-0517CF3F83A7}.Release|Any CPU.ActiveCfg = Release|Any CPU
		{B3106EB6-62A3-40B3-8EA0-0517CF3F83A7}.Release|Any CPU.Build.0 = Release|Any CPU
		{E8922F24-7A3C-4BCE-BA80-976EF04DFB63}.Debug|Any CPU.ActiveCfg = Debug|Any CPU
		{E8922F24-7A3C-4BCE-BA80-976EF04DFB63}.Debug|Any CPU.Build.0 = Debug|Any CPU
		{E8922F24-7A3C-4BCE-BA80-976EF04DFB63}.Release|Any CPU.ActiveCfg = Release|Any CPU
		{E8922F24-7A3C-4BCE-BA80-976EF04DFB63}.Release|Any CPU.Build.0 = Release|Any CPU
		{E103367B-74E3-441A-BD11-867FFEEA26D7}.Debug|Any CPU.ActiveCfg = Debug|Any CPU
		{E103367B-74E3-441A-BD11-867FFEEA26D7}.Debug|Any CPU.Build.0 = Debug|Any CPU
		{E103367B-74E3-441A-BD11-867FFEEA26D7}.Release|Any CPU.ActiveCfg = Release|Any CPU
		{E103367B-74E3-441A-BD11-867FFEEA26D7}.Release|Any CPU.Build.0 = Release|Any CPU
		{AE214C04-CFB5-43A7-8A83-DD2F4E8F5996}.Debug|Any CPU.ActiveCfg = Debug|Any CPU
		{AE214C04-CFB5-43A7-8A83-DD2F4E8F5996}.Debug|Any CPU.Build.0 = Debug|Any CPU
		{AE214C04-CFB5-43A7-8A83-DD2F4E8F5996}.Release|Any CPU.ActiveCfg = Release|Any CPU
		{AE214C04-CFB5-43A7-8A83-DD2F4E8F5996}.Release|Any CPU.Build.0 = Release|Any CPU
		{9CF35CF8-A8B3-4B2A-A29A-F248DD02E1B6}.Debug|Any CPU.ActiveCfg = Debug|Any CPU
		{9CF35CF8-A8B3-4B2A-A29A-F248DD02E1B6}.Debug|Any CPU.Build.0 = Debug|Any CPU
		{9CF35CF8-A8B3-4B2A-A29A-F248DD02E1B6}.Release|Any CPU.ActiveCfg = Release|Any CPU
		{9CF35CF8-A8B3-4B2A-A29A-F248DD02E1B6}.Release|Any CPU.Build.0 = Release|Any CPU
	EndGlobalSection
	GlobalSection(SolutionProperties) = preSolution
		HideSolutionNode = FALSE
	EndGlobalSection
	GlobalSection(NestedProjects) = preSolution
		{B3106EB6-62A3-40B3-8EA0-0517CF3F83A7} = {D0CEC73B-612B-4BB7-891F-9390C3106A8A}
		{E103367B-74E3-441A-BD11-867FFEEA26D7} = {DE8F2862-573A-420E-AC6F-CCB8B752B9E2}
		{AE214C04-CFB5-43A7-8A83-DD2F4E8F5996} = {B3A3415D-1C1B-4477-9BCF-108A6C33381C}
		{9CF35CF8-A8B3-4B2A-A29A-F248DD02E1B6} = {DE8F2862-573A-420E-AC6F-CCB8B752B9E2}
	EndGlobalSection
EndGlobal
