
Microsoft Visual Studio Solution File, Format Version 11.00
# Visual Studio 2010
Project("{FAE04EC0-301F-11D3-BF4B-00C04F79EFBC}") = "BitAuto.DSC.IM_2015.Entities", "BitAuto.DSC.IM_2015.Entities\BitAuto.DSC.IM_2015.Entities.csproj", "{5CF8DA2A-B6C2-4B55-A6FE-2C4F0AABBB11}"
EndProject
Project("{FAE04EC0-301F-11D3-BF4B-00C04F79EFBC}") = "BitAuto.DSC.IM_2015.Dal", "BitAuto.DSC.IM_2015.Dal\BitAuto.DSC.IM_2015.Dal.csproj", "{E53440AC-C042-4CC5-A0CC-D25E35551790}"
EndProject
Project("{FAE04EC0-301F-11D3-BF4B-00C04F79EFBC}") = "BitAuto.DSC.IM_2015.Core", "BitAuto.DSC.IM_2015.Core\BitAuto.DSC.IM_2015.Core.csproj", "{787FF1B9-AB60-453C-9BB1-3888AEE724DE}"
EndProject
Project("{FAE04EC0-301F-11D3-BF4B-00C04F79EFBC}") = "BitAuto.DSC.IM_2015.Web", "BitAuto.DSC.IM_2015.Web\BitAuto.DSC.IM_2015.Web.csproj", "{27473325-EB7F-4B27-BF63-D72A94D90B8D}"
EndProject
Project("{FAE04EC0-301F-11D3-BF4B-00C04F79EFBC}") = "BitAuto.DSC.IM_2015.EPLogin.Test", "BitAuto.DSC.IM_2015.EPLogin.Test\BitAuto.DSC.IM_2015.EPLogin.Test.csproj", "{4621C25E-0086-430D-B10D-6DED75E2962F}"
EndProject
Project("{FAE04EC0-301F-11D3-BF4B-00C04F79EFBC}") = "BitAuto.DSC.IM_2015.BLL", "BitAuto.DSC.IM_2015.BLL\BitAuto.DSC.IM_2015.BLL.csproj", "{790AA4E2-3F62-400C-AE61-06AD1791A296}"
EndProject
Project("{FAE04EC0-301F-11D3-BF4B-00C04F79EFBC}") = "BitAuto.DSC.IM_2015.WebService", "BitAuto.DSC.IM_2015.WebService\BitAuto.DSC.IM_2015.WebService.csproj", "{223FC1C7-BDE8-49AE-8A6F-9613C9C6483F}"
EndProject
Project("{FAE04EC0-301F-11D3-BF4B-00C04F79EFBC}") = "TestCCInterface", "TestCCInterface\TestCCInterface.csproj", "{2A5F1B31-47A4-44B1-A5EF-54C4CE79B0D9}"
EndProject
Project("{2150E333-8FDC-42A3-9474-1A3956D46DE8}") = "Solution Items", "Solution Items", "{D6D0B1FA-967E-4023-9527-7CB5D9E714E2}"
	ProjectSection(SolutionItems) = preProject
		Local.testsettings = Local.testsettings
		TraceAndTestImpact.testsettings = TraceAndTestImpact.testsettings
	EndProjectSection
EndProject
Project("{FAE04EC0-301F-11D3-BF4B-00C04F79EFBC}") = "BitAtuo.DSC.IM_2015.UserMessageMail", "BitAtuo.DSC.IM_2015.UserMessageMail\BitAtuo.DSC.IM_2015.UserMessageMail.csproj", "{3BF19478-FA3A-42F2-8A8F-F5D3A3FC814E}"
EndProject
Project("{FAE04EC0-301F-11D3-BF4B-00C04F79EFBC}") = "IMPressureTest", "IMPressureTest\IMPressureTest.csproj", "{D69AC521-A8B1-4E7B-BDC3-D92C073A4252}"
EndProject
Global
	GlobalSection(TeamFoundationVersionControl) = preSolution
		SccNumberOfProjects = 11
		SccEnterpriseProvider = {4CA58AB2-18FA-4F8D-95D4-32DDF27D184C}
		SccTeamFoundationServer = http://tfs2010.tech.bitauto.com:8080/tfs/bitauto
		SccLocalPath0 = .
		SccProjectUniqueName1 = BitAuto.DSC.IM_2015.Entities\\BitAuto.DSC.IM_2015.Entities.csproj
		SccProjectName1 = BitAuto.DSC.IM_2015.Entities
		SccLocalPath1 = BitAuto.DSC.IM_2015.Entities
		SccProjectUniqueName2 = BitAuto.DSC.IM_2015.Dal\\BitAuto.DSC.IM_2015.Dal.csproj
		SccProjectName2 = BitAuto.DSC.IM_2015.Dal
		SccLocalPath2 = BitAuto.DSC.IM_2015.Dal
		SccProjectUniqueName3 = BitAuto.DSC.IM_2015.Core\\BitAuto.DSC.IM_2015.Core.csproj
		SccProjectName3 = BitAuto.DSC.IM_2015.Core
		SccLocalPath3 = BitAuto.DSC.IM_2015.Core
		SccProjectUniqueName4 = BitAuto.DSC.IM_2015.Web\\BitAuto.DSC.IM_2015.Web.csproj
		SccProjectName4 = BitAuto.DSC.IM_2015.Web
		SccLocalPath4 = BitAuto.DSC.IM_2015.Web
		SccProjectUniqueName5 = BitAuto.DSC.IM_2015.EPLogin.Test\\BitAuto.DSC.IM_2015.EPLogin.Test.csproj
		SccProjectName5 = BitAuto.DSC.IM_2015.EPLogin.Test
		SccLocalPath5 = BitAuto.DSC.IM_2015.EPLogin.Test
		SccProjectUniqueName6 = BitAuto.DSC.IM_2015.BLL\\BitAuto.DSC.IM_2015.BLL.csproj
		SccProjectName6 = BitAuto.DSC.IM_2015.BLL
		SccLocalPath6 = BitAuto.DSC.IM_2015.BLL
		SccProjectUniqueName7 = BitAuto.DSC.IM_2015.WebService\\BitAuto.DSC.IM_2015.WebService.csproj
		SccProjectName7 = BitAuto.DSC.IM_2015.WebService
		SccLocalPath7 = BitAuto.DSC.IM_2015.WebService
		SccProjectUniqueName8 = TestCCInterface\\TestCCInterface.csproj
		SccProjectName8 = TestCCInterface
		SccLocalPath8 = TestCCInterface
		SccProjectUniqueName9 = BitAtuo.DSC.IM_2015.UserMessageMail\\BitAtuo.DSC.IM_2015.UserMessageMail.csproj
		SccProjectName9 = BitAtuo.DSC.IM_2015.UserMessageMail
		SccLocalPath9 = BitAtuo.DSC.IM_2015.UserMessageMail
		SccProjectUniqueName10 = IMPressureTest\\IMPressureTest.csproj
		SccProjectName10 = IMPressureTest
		SccLocalPath10 = IMPressureTest
	EndGlobalSection
	GlobalSection(SolutionConfigurationPlatforms) = preSolution
		Debug|Any CPU = Debug|Any CPU
		Debug|Mixed Platforms = Debug|Mixed Platforms
		Debug|x86 = Debug|x86
		Release|Any CPU = Release|Any CPU
		Release|Mixed Platforms = Release|Mixed Platforms
		Release|x86 = Release|x86
	EndGlobalSection
	GlobalSection(ProjectConfigurationPlatforms) = postSolution
		{5CF8DA2A-B6C2-4B55-A6FE-2C4F0AABBB11}.Debug|Any CPU.ActiveCfg = Debug|Any CPU
		{5CF8DA2A-B6C2-4B55-A6FE-2C4F0AABBB11}.Debug|Any CPU.Build.0 = Debug|Any CPU
		{5CF8DA2A-B6C2-4B55-A6FE-2C4F0AABBB11}.Debug|Mixed Platforms.ActiveCfg = Debug|Any CPU
		{5CF8DA2A-B6C2-4B55-A6FE-2C4F0AABBB11}.Debug|Mixed Platforms.Build.0 = Debug|Any CPU
		{5CF8DA2A-B6C2-4B55-A6FE-2C4F0AABBB11}.Debug|x86.ActiveCfg = Debug|Any CPU
		{5CF8DA2A-B6C2-4B55-A6FE-2C4F0AABBB11}.Release|Any CPU.ActiveCfg = Release|Any CPU
		{5CF8DA2A-B6C2-4B55-A6FE-2C4F0AABBB11}.Release|Any CPU.Build.0 = Release|Any CPU
		{5CF8DA2A-B6C2-4B55-A6FE-2C4F0AABBB11}.Release|Mixed Platforms.ActiveCfg = Release|Any CPU
		{5CF8DA2A-B6C2-4B55-A6FE-2C4F0AABBB11}.Release|Mixed Platforms.Build.0 = Release|Any CPU
		{5CF8DA2A-B6C2-4B55-A6FE-2C4F0AABBB11}.Release|x86.ActiveCfg = Release|Any CPU
		{E53440AC-C042-4CC5-A0CC-D25E35551790}.Debug|Any CPU.ActiveCfg = Debug|Any CPU
		{E53440AC-C042-4CC5-A0CC-D25E35551790}.Debug|Any CPU.Build.0 = Debug|Any CPU
		{E53440AC-C042-4CC5-A0CC-D25E35551790}.Debug|Mixed Platforms.ActiveCfg = Debug|Any CPU
		{E53440AC-C042-4CC5-A0CC-D25E35551790}.Debug|Mixed Platforms.Build.0 = Debug|Any CPU
		{E53440AC-C042-4CC5-A0CC-D25E35551790}.Debug|x86.ActiveCfg = Debug|Any CPU
		{E53440AC-C042-4CC5-A0CC-D25E35551790}.Release|Any CPU.ActiveCfg = Release|Any CPU
		{E53440AC-C042-4CC5-A0CC-D25E35551790}.Release|Any CPU.Build.0 = Release|Any CPU
		{E53440AC-C042-4CC5-A0CC-D25E35551790}.Release|Mixed Platforms.ActiveCfg = Release|Any CPU
		{E53440AC-C042-4CC5-A0CC-D25E35551790}.Release|Mixed Platforms.Build.0 = Release|Any CPU
		{E53440AC-C042-4CC5-A0CC-D25E35551790}.Release|x86.ActiveCfg = Release|Any CPU
		{787FF1B9-AB60-453C-9BB1-3888AEE724DE}.Debug|Any CPU.ActiveCfg = Debug|Any CPU
		{787FF1B9-AB60-453C-9BB1-3888AEE724DE}.Debug|Any CPU.Build.0 = Debug|Any CPU
		{787FF1B9-AB60-453C-9BB1-3888AEE724DE}.Debug|Mixed Platforms.ActiveCfg = Debug|Any CPU
		{787FF1B9-AB60-453C-9BB1-3888AEE724DE}.Debug|Mixed Platforms.Build.0 = Debug|Any CPU
		{787FF1B9-AB60-453C-9BB1-3888AEE724DE}.Debug|x86.ActiveCfg = Debug|Any CPU
		{787FF1B9-AB60-453C-9BB1-3888AEE724DE}.Release|Any CPU.ActiveCfg = Release|Any CPU
		{787FF1B9-AB60-453C-9BB1-3888AEE724DE}.Release|Any CPU.Build.0 = Release|Any CPU
		{787FF1B9-AB60-453C-9BB1-3888AEE724DE}.Release|Mixed Platforms.ActiveCfg = Release|Any CPU
		{787FF1B9-AB60-453C-9BB1-3888AEE724DE}.Release|Mixed Platforms.Build.0 = Release|Any CPU
		{787FF1B9-AB60-453C-9BB1-3888AEE724DE}.Release|x86.ActiveCfg = Release|Any CPU
		{27473325-EB7F-4B27-BF63-D72A94D90B8D}.Debug|Any CPU.ActiveCfg = Debug|Any CPU
		{27473325-EB7F-4B27-BF63-D72A94D90B8D}.Debug|Any CPU.Build.0 = Debug|Any CPU
		{27473325-EB7F-4B27-BF63-D72A94D90B8D}.Debug|Mixed Platforms.ActiveCfg = Debug|Any CPU
		{27473325-EB7F-4B27-BF63-D72A94D90B8D}.Debug|Mixed Platforms.Build.0 = Debug|Any CPU
		{27473325-EB7F-4B27-BF63-D72A94D90B8D}.Debug|x86.ActiveCfg = Debug|Any CPU
		{27473325-EB7F-4B27-BF63-D72A94D90B8D}.Release|Any CPU.ActiveCfg = Release|Any CPU
		{27473325-EB7F-4B27-BF63-D72A94D90B8D}.Release|Any CPU.Build.0 = Release|Any CPU
		{27473325-EB7F-4B27-BF63-D72A94D90B8D}.Release|Mixed Platforms.ActiveCfg = Release|Any CPU
		{27473325-EB7F-4B27-BF63-D72A94D90B8D}.Release|Mixed Platforms.Build.0 = Release|Any CPU
		{27473325-EB7F-4B27-BF63-D72A94D90B8D}.Release|x86.ActiveCfg = Release|Any CPU
		{4621C25E-0086-430D-B10D-6DED75E2962F}.Debug|Any CPU.ActiveCfg = Debug|Any CPU
		{4621C25E-0086-430D-B10D-6DED75E2962F}.Debug|Any CPU.Build.0 = Debug|Any CPU
		{4621C25E-0086-430D-B10D-6DED75E2962F}.Debug|Mixed Platforms.ActiveCfg = Debug|Any CPU
		{4621C25E-0086-430D-B10D-6DED75E2962F}.Debug|Mixed Platforms.Build.0 = Debug|Any CPU
		{4621C25E-0086-430D-B10D-6DED75E2962F}.Debug|x86.ActiveCfg = Debug|Any CPU
		{4621C25E-0086-430D-B10D-6DED75E2962F}.Release|Any CPU.ActiveCfg = Release|Any CPU
		{4621C25E-0086-430D-B10D-6DED75E2962F}.Release|Any CPU.Build.0 = Release|Any CPU
		{4621C25E-0086-430D-B10D-6DED75E2962F}.Release|Mixed Platforms.ActiveCfg = Release|Any CPU
		{4621C25E-0086-430D-B10D-6DED75E2962F}.Release|Mixed Platforms.Build.0 = Release|Any CPU
		{4621C25E-0086-430D-B10D-6DED75E2962F}.Release|x86.ActiveCfg = Release|Any CPU
		{790AA4E2-3F62-400C-AE61-06AD1791A296}.Debug|Any CPU.ActiveCfg = Debug|Any CPU
		{790AA4E2-3F62-400C-AE61-06AD1791A296}.Debug|Any CPU.Build.0 = Debug|Any CPU
		{790AA4E2-3F62-400C-AE61-06AD1791A296}.Debug|Mixed Platforms.ActiveCfg = Debug|Any CPU
		{790AA4E2-3F62-400C-AE61-06AD1791A296}.Debug|Mixed Platforms.Build.0 = Debug|Any CPU
		{790AA4E2-3F62-400C-AE61-06AD1791A296}.Debug|x86.ActiveCfg = Debug|Any CPU
		{790AA4E2-3F62-400C-AE61-06AD1791A296}.Release|Any CPU.ActiveCfg = Release|Any CPU
		{790AA4E2-3F62-400C-AE61-06AD1791A296}.Release|Any CPU.Build.0 = Release|Any CPU
		{790AA4E2-3F62-400C-AE61-06AD1791A296}.Release|Mixed Platforms.ActiveCfg = Release|Any CPU
		{790AA4E2-3F62-400C-AE61-06AD1791A296}.Release|Mixed Platforms.Build.0 = Release|Any CPU
		{790AA4E2-3F62-400C-AE61-06AD1791A296}.Release|x86.ActiveCfg = Release|Any CPU
		{223FC1C7-BDE8-49AE-8A6F-9613C9C6483F}.Debug|Any CPU.ActiveCfg = Debug|Any CPU
		{223FC1C7-BDE8-49AE-8A6F-9613C9C6483F}.Debug|Any CPU.Build.0 = Debug|Any CPU
		{223FC1C7-BDE8-49AE-8A6F-9613C9C6483F}.Debug|Mixed Platforms.ActiveCfg = Debug|Any CPU
		{223FC1C7-BDE8-49AE-8A6F-9613C9C6483F}.Debug|Mixed Platforms.Build.0 = Debug|Any CPU
		{223FC1C7-BDE8-49AE-8A6F-9613C9C6483F}.Debug|x86.ActiveCfg = Debug|Any CPU
		{223FC1C7-BDE8-49AE-8A6F-9613C9C6483F}.Release|Any CPU.ActiveCfg = Release|Any CPU
		{223FC1C7-BDE8-49AE-8A6F-9613C9C6483F}.Release|Any CPU.Build.0 = Release|Any CPU
		{223FC1C7-BDE8-49AE-8A6F-9613C9C6483F}.Release|Mixed Platforms.ActiveCfg = Release|Any CPU
		{223FC1C7-BDE8-49AE-8A6F-9613C9C6483F}.Release|Mixed Platforms.Build.0 = Release|Any CPU
		{223FC1C7-BDE8-49AE-8A6F-9613C9C6483F}.Release|x86.ActiveCfg = Release|Any CPU
		{2A5F1B31-47A4-44B1-A5EF-54C4CE79B0D9}.Debug|Any CPU.ActiveCfg = Debug|Any CPU
		{2A5F1B31-47A4-44B1-A5EF-54C4CE79B0D9}.Debug|Any CPU.Build.0 = Debug|Any CPU
		{2A5F1B31-47A4-44B1-A5EF-54C4CE79B0D9}.Debug|Mixed Platforms.ActiveCfg = Debug|Any CPU
		{2A5F1B31-47A4-44B1-A5EF-54C4CE79B0D9}.Debug|Mixed Platforms.Build.0 = Debug|Any CPU
		{2A5F1B31-47A4-44B1-A5EF-54C4CE79B0D9}.Debug|x86.ActiveCfg = Debug|Any CPU
		{2A5F1B31-47A4-44B1-A5EF-54C4CE79B0D9}.Release|Any CPU.ActiveCfg = Release|Any CPU
		{2A5F1B31-47A4-44B1-A5EF-54C4CE79B0D9}.Release|Any CPU.Build.0 = Release|Any CPU
		{2A5F1B31-47A4-44B1-A5EF-54C4CE79B0D9}.Release|Mixed Platforms.ActiveCfg = Release|Any CPU
		{2A5F1B31-47A4-44B1-A5EF-54C4CE79B0D9}.Release|Mixed Platforms.Build.0 = Release|Any CPU
		{2A5F1B31-47A4-44B1-A5EF-54C4CE79B0D9}.Release|x86.ActiveCfg = Release|Any CPU
		{3BF19478-FA3A-42F2-8A8F-F5D3A3FC814E}.Debug|Any CPU.ActiveCfg = Debug|x86
		{3BF19478-FA3A-42F2-8A8F-F5D3A3FC814E}.Debug|Mixed Platforms.ActiveCfg = Debug|x86
		{3BF19478-FA3A-42F2-8A8F-F5D3A3FC814E}.Debug|Mixed Platforms.Build.0 = Debug|x86
		{3BF19478-FA3A-42F2-8A8F-F5D3A3FC814E}.Debug|x86.ActiveCfg = Debug|x86
		{3BF19478-FA3A-42F2-8A8F-F5D3A3FC814E}.Debug|x86.Build.0 = Debug|x86
		{3BF19478-FA3A-42F2-8A8F-F5D3A3FC814E}.Release|Any CPU.ActiveCfg = Release|x86
		{3BF19478-FA3A-42F2-8A8F-F5D3A3FC814E}.Release|Mixed Platforms.ActiveCfg = Release|x86
		{3BF19478-FA3A-42F2-8A8F-F5D3A3FC814E}.Release|Mixed Platforms.Build.0 = Release|x86
		{3BF19478-FA3A-42F2-8A8F-F5D3A3FC814E}.Release|x86.ActiveCfg = Release|x86
		{3BF19478-FA3A-42F2-8A8F-F5D3A3FC814E}.Release|x86.Build.0 = Release|x86
		{D69AC521-A8B1-4E7B-BDC3-D92C073A4252}.Debug|Any CPU.ActiveCfg = Debug|x86
		{D69AC521-A8B1-4E7B-BDC3-D92C073A4252}.Debug|Mixed Platforms.ActiveCfg = Debug|x86
		{D69AC521-A8B1-4E7B-BDC3-D92C073A4252}.Debug|Mixed Platforms.Build.0 = Debug|x86
		{D69AC521-A8B1-4E7B-BDC3-D92C073A4252}.Debug|x86.ActiveCfg = Debug|x86
		{D69AC521-A8B1-4E7B-BDC3-D92C073A4252}.Debug|x86.Build.0 = Debug|x86
		{D69AC521-A8B1-4E7B-BDC3-D92C073A4252}.Release|Any CPU.ActiveCfg = Release|x86
		{D69AC521-A8B1-4E7B-BDC3-D92C073A4252}.Release|Mixed Platforms.ActiveCfg = Release|x86
		{D69AC521-A8B1-4E7B-BDC3-D92C073A4252}.Release|Mixed Platforms.Build.0 = Release|x86
		{D69AC521-A8B1-4E7B-BDC3-D92C073A4252}.Release|x86.ActiveCfg = Release|x86
		{D69AC521-A8B1-4E7B-BDC3-D92C073A4252}.Release|x86.Build.0 = Release|x86
	EndGlobalSection
	GlobalSection(SolutionProperties) = preSolution
		HideSolutionNode = FALSE
	EndGlobalSection
EndGlobal
