
Microsoft Visual Studio Solution File, Format Version 12.00
# Visual Studio 14
VisualStudioVersion = 14.0.25420.1
MinimumVisualStudioVersion = 10.0.40219.1
Project("{FAE04EC0-301F-11D3-BF4B-00C04F79EFBC}") = "XYAuto.ITSC.Chitunion2017.Entities", "..\XYAuto.ITSC.Chitunion2017.Entities\XYAuto.ITSC.Chitunion2017.Entities.csproj", "{97C0ABA4-8A8F-41A2-A28F-EB470DDBCBB1}"
EndProject
Project("{FAE04EC0-301F-11D3-BF4B-00C04F79EFBC}") = "XYAuto.ITSC.Chitunion2017.Dal", "..\XYAuto.ITSC.Chitunion2017.Dal\XYAuto.ITSC.Chitunion2017.Dal.csproj", "{0971EA85-1CC7-4289-B99B-ADC03D47F02F}"
EndProject
Project("{FAE04EC0-301F-11D3-BF4B-00C04F79EFBC}") = "XYAuto.ITSC.Chitunion2017.BLL", "..\XYAuto.ITSC.Chitunion2017.BLL\XYAuto.ITSC.Chitunion2017.BLL.csproj", "{B31BB524-1886-4F97-8871-7B517F1B27D4}"
EndProject
Project("{FAE04EC0-301F-11D3-BF4B-00C04F79EFBC}") = "XYAuto.CarsDataSynchronization", "..\XYAuto.CarsDataSynchronization\XYAuto.CarsDataSynchronization.csproj", "{71532CC1-2DA6-499B-A4CC-FA1E034B266C}"
EndProject
Project("{2150E333-8FDC-42A3-9474-1A3956D46DE8}") = "DataImport", "DataImport", "{6E2C283F-1813-448E-AAEC-3D5F5D8BA2E3}"
EndProject
Project("{FAE04EC0-301F-11D3-BF4B-00C04F79EFBC}") = "XYAuto.ITSC.Chitunion2017.DataImport", "..\XYAuto.ITSC.Chitunion2017.DataImport\XYAuto.ITSC.Chitunion2017.DataImport.csproj", "{7DD269B1-5AEB-47B4-B911-03C9D78DE0D1}"
EndProject
Project("{FAE04EC0-301F-11D3-BF4B-00C04F79EFBC}") = "XYAuto.ITSC.Chitunion2017.WxOAuth", "..\XYAuto.ITSC.Chitunion2017.WxOAuth\XYAuto.ITSC.Chitunion2017.WxOAuth.csproj", "{A2781064-693C-4469-B8CC-1318E9288F5C}"
EndProject
Project("{FAE04EC0-301F-11D3-BF4B-00C04F79EFBC}") = "XYAuto.ITSC.Chitunion2017.WxDataSync", "..\XYAuto.ITSC.Chitunion2017.WxDataSync\XYAuto.ITSC.Chitunion2017.WxDataSync.csproj", "{C502740D-D1B0-4397-AAC8-B8E1EAEBA733}"
EndProject
Project("{FAE04EC0-301F-11D3-BF4B-00C04F79EFBC}") = "XYAuto.ITSC.Chitunion2017.WebService", "..\XYAuto.ITSC.Chitunion2017.WebService\XYAuto.ITSC.Chitunion2017.WebService.csproj", "{64399042-F595-43A8-8D11-8713B871D01B}"
EndProject
Project("{2150E333-8FDC-42A3-9474-1A3956D46DE8}") = "Test", "Test", "{914F5229-FDD7-4394-A3BD-65FB7882FCA9}"
EndProject
Project("{FAE04EC0-301F-11D3-BF4B-00C04F79EFBC}") = "XYAuto.ITSC.Chitunion2017.NUnitTest", "..\XYAuto.ITSC.Chitunion2017.NUnitTest\XYAuto.ITSC.Chitunion2017.NUnitTest.csproj", "{19D08E56-1633-4A51-A43D-E4D1D70681D6}"
EndProject
Project("{FAE04EC0-301F-11D3-BF4B-00C04F79EFBC}") = "LsTest", "..\LsTest\LsTest.csproj", "{24A95085-2270-49D9-AB24-DCCA5D44667D}"
EndProject
Project("{FAE04EC0-301F-11D3-BF4B-00C04F79EFBC}") = "XYAuto.ITSC.Chitunion2017.HBaseDataSync", "..\XYAuto.ITSC.Chitunion2017.HBaseDataSync\XYAuto.ITSC.Chitunion2017.HBaseDataSync.csproj", "{730E9555-765F-44E7-B12A-B80E920364F1}"
EndProject
Project("{FAE04EC0-301F-11D3-BF4B-00C04F79EFBC}") = "Console_SendSMS_Test", "..\Console_SendSMS_Test\Console_SendSMS_Test.csproj", "{71E0A947-E295-4558-B92F-AB1ADDAB07A3}"
EndProject
Project("{2150E333-8FDC-42A3-9474-1A3956D46DE8}") = "WindowServer", "WindowServer", "{B61AD818-A6BA-4F3D-AAC6-36A2FC566C17}"
EndProject
Project("{FAE04EC0-301F-11D3-BF4B-00C04F79EFBC}") = "XYAuto.ITSC.Chitunion2017.GdtPullData", "..\WindowServer\XYAuto.ITSC.Chitunion2017.GdtPullData\XYAuto.ITSC.Chitunion2017.GdtPullData.csproj", "{42CCD567-D3D9-4181-8A9B-FBBC84878F4B}"
EndProject
Project("{FAE04EC0-301F-11D3-BF4B-00C04F79EFBC}") = "XYAuto.BUOC.Chitunion2017.NewWeb", "..\XYAuto.BUOC.Chitunion2017.NewWeb\XYAuto.BUOC.Chitunion2017.NewWeb.csproj", "{F20F3D07-E2EF-4A26-BE5E-93E99E70C018}"
EndProject
Project("{FAE04EC0-301F-11D3-BF4B-00C04F79EFBC}") = "XYAuto.BUOC.Chitunion2017.NewWebAPI", "..\XYAuto.BUOC.Chitunion2017.NewWebAPI\XYAuto.BUOC.Chitunion2017.NewWebAPI.csproj", "{9767A9A8-3123-415F-96D9-F6C6A1E7D334}"
EndProject
Project("{FAE04EC0-301F-11D3-BF4B-00C04F79EFBC}") = "XYAuto.ITSC.Chitunion2017New.Test", "XYAuto.ITSC.Chitunion2017New.Test\XYAuto.ITSC.Chitunion2017New.Test.csproj", "{43CE0878-4553-4191-B032-374EF1B83D9C}"
EndProject
Project("{FAE04EC0-301F-11D3-BF4B-00C04F79EFBC}") = "XYAuto.ITSC.Chitunion2017.LuceneMediaConsole", "XYAuto.ITSC.Chitunion2017.LuceneMediaConsole\XYAuto.ITSC.Chitunion2017.LuceneMediaConsole.csproj", "{FE89F45A-6C9D-4687-A17F-CE2D2225DD7A}"
EndProject
Project("{FAE04EC0-301F-11D3-BF4B-00C04F79EFBC}") = "XYAuto.ITSC.Chitunion2017.Export", "..\WindowServer\XYAuto.ITSC.Chitunion2017.Export\XYAuto.ITSC.Chitunion2017.Export.csproj", "{1A71C3F1-36F0-4D4E-BFC7-B3F32DDA4CF3}"
EndProject
Project("{FAE04EC0-301F-11D3-BF4B-00C04F79EFBC}") = "XYAuto.POBU.Chitunion2018.AdminWeb", "..\XYAuto.POBU.Chitunion2018.AdminWeb\XYAuto.POBU.Chitunion2018.AdminWeb.csproj", "{D0D6614E-C717-419B-90A4-0CCCA7674167}"
EndProject
Project("{FAE04EC0-301F-11D3-BF4B-00C04F79EFBC}") = "XYAuto.POBU.Chitunion2018.AdminWebAPI", "..\XYAuto.POBU.Chitunion2018.AdminWebAPI\XYAuto.POBU.Chitunion2018.AdminWebAPI.csproj", "{2E6EE4D7-D37A-4998-B874-2DCD1687140B}"
EndProject
Project("{FAE04EC0-301F-11D3-BF4B-00C04F79EFBC}") = "XYAuto.BUOC.Chitunion2017.WebAPIWeChat", "..\XYAuto.BUOC.Chitunion2017.WebAPIWeChat\XYAuto.BUOC.Chitunion2017.WebAPIWeChat.csproj", "{8D643B84-FE3B-4E58-B55D-76849AE7E684}"
EndProject
Project("{FAE04EC0-301F-11D3-BF4B-00C04F79EFBC}") = "XYAuto.BUOC.Chitunion2017.WeChat.CommonService", "..\XYAuto.BUOC.Chitunion2017.WeChat.CommonService\XYAuto.BUOC.Chitunion2017.WeChat.CommonService.csproj", "{8296AFCC-F771-4E57-A0DA-A94A0CA5E904}"
EndProject
Project("{FAE04EC0-301F-11D3-BF4B-00C04F79EFBC}") = "XYAuto.BUOC.Chitunion2018.WebWeChat", "..\XYAuto.BUOC.Chitunion2018.WebWeChat\XYAuto.BUOC.Chitunion2018.WebWeChat.csproj", "{EF9C6C0A-C34B-4F81-8137-B8BECF80F8BE}"
EndProject
Project("{FAE04EC0-301F-11D3-BF4B-00C04F79EFBC}") = "XYAuto.BUOC.Chitunion2018.StaticWechatData", "..\WindowServer\XYAuto.BUOC.Chitunion2018.StaticWechatData\XYAuto.BUOC.Chitunion2018.StaticWechatData.csproj", "{E3C079F1-EBB5-4A4F-A47A-FE6418E5C541}"
EndProject
Project("{FAE04EC0-301F-11D3-BF4B-00C04F79EFBC}") = "XYAuto.BUOC.Chitunion2018.SendWechatUserMsg", "XYAuto.BUOC.Chitunion2018.SendWechatUserMsg\XYAuto.BUOC.Chitunion2018.SendWechatUserMsg.csproj", "{CA2E1ABE-E9ED-45F1-9E93-21682BD818DE}"
EndProject
Project("{FAE04EC0-301F-11D3-BF4B-00C04F79EFBC}") = "XYAuto.BUOC.Chitunion2018.CleanUser", "..\WindowServer\XYAuto.BUOC.Chitunion2018.CleanUser\XYAuto.BUOC.Chitunion2018.CleanUser.csproj", "{DE733DBC-2391-42E9-A44E-103F0ED0BA75}"
EndProject
Project("{FAE04EC0-301F-11D3-BF4B-00C04F79EFBC}") = "XYAuto.ChiTu2018.WeChat.QueryDataConsole", "..\XYAuto.ChiTu2018.WeChat.QueryDataConsole\XYAuto.ChiTu2018.WeChat.QueryDataConsole.csproj", "{A9F9FFE8-B6D6-42CF-9F8B-A1FD35C6B9A5}"
EndProject
Project("{FAE04EC0-301F-11D3-BF4B-00C04F79EFBC}") = "XYAuto.ChiTu2018.WeChat.CleanArticleImgConsole", "..\XYAuto.ChiTu2018.WeChat.CleanArticleImgConsole\XYAuto.ChiTu2018.WeChat.CleanArticleImgConsole.csproj", "{79F3FB37-4674-4D8C-BFA3-46FC9352E91A}"
EndProject
Global
	GlobalSection(SolutionConfigurationPlatforms) = preSolution
		Debug|Any CPU = Debug|Any CPU
		Debug|Mixed Platforms = Debug|Mixed Platforms
		Debug|x86 = Debug|x86
		Release|Any CPU = Release|Any CPU
		Release|Mixed Platforms = Release|Mixed Platforms
		Release|x86 = Release|x86
	EndGlobalSection
	GlobalSection(ProjectConfigurationPlatforms) = postSolution
		{97C0ABA4-8A8F-41A2-A28F-EB470DDBCBB1}.Debug|Any CPU.ActiveCfg = Debug|Any CPU
		{97C0ABA4-8A8F-41A2-A28F-EB470DDBCBB1}.Debug|Any CPU.Build.0 = Debug|Any CPU
		{97C0ABA4-8A8F-41A2-A28F-EB470DDBCBB1}.Debug|Mixed Platforms.ActiveCfg = Debug|Any CPU
		{97C0ABA4-8A8F-41A2-A28F-EB470DDBCBB1}.Debug|Mixed Platforms.Build.0 = Debug|Any CPU
		{97C0ABA4-8A8F-41A2-A28F-EB470DDBCBB1}.Debug|x86.ActiveCfg = Debug|Any CPU
		{97C0ABA4-8A8F-41A2-A28F-EB470DDBCBB1}.Release|Any CPU.ActiveCfg = Release|Any CPU
		{97C0ABA4-8A8F-41A2-A28F-EB470DDBCBB1}.Release|Any CPU.Build.0 = Release|Any CPU
		{97C0ABA4-8A8F-41A2-A28F-EB470DDBCBB1}.Release|Mixed Platforms.ActiveCfg = Release|Any CPU
		{97C0ABA4-8A8F-41A2-A28F-EB470DDBCBB1}.Release|Mixed Platforms.Build.0 = Release|Any CPU
		{97C0ABA4-8A8F-41A2-A28F-EB470DDBCBB1}.Release|x86.ActiveCfg = Release|Any CPU
		{0971EA85-1CC7-4289-B99B-ADC03D47F02F}.Debug|Any CPU.ActiveCfg = Debug|Any CPU
		{0971EA85-1CC7-4289-B99B-ADC03D47F02F}.Debug|Any CPU.Build.0 = Debug|Any CPU
		{0971EA85-1CC7-4289-B99B-ADC03D47F02F}.Debug|Mixed Platforms.ActiveCfg = Debug|Any CPU
		{0971EA85-1CC7-4289-B99B-ADC03D47F02F}.Debug|Mixed Platforms.Build.0 = Debug|Any CPU
		{0971EA85-1CC7-4289-B99B-ADC03D47F02F}.Debug|x86.ActiveCfg = Debug|Any CPU
		{0971EA85-1CC7-4289-B99B-ADC03D47F02F}.Release|Any CPU.ActiveCfg = Release|Any CPU
		{0971EA85-1CC7-4289-B99B-ADC03D47F02F}.Release|Any CPU.Build.0 = Release|Any CPU
		{0971EA85-1CC7-4289-B99B-ADC03D47F02F}.Release|Mixed Platforms.ActiveCfg = Release|Any CPU
		{0971EA85-1CC7-4289-B99B-ADC03D47F02F}.Release|Mixed Platforms.Build.0 = Release|Any CPU
		{0971EA85-1CC7-4289-B99B-ADC03D47F02F}.Release|x86.ActiveCfg = Release|Any CPU
		{B31BB524-1886-4F97-8871-7B517F1B27D4}.Debug|Any CPU.ActiveCfg = Debug|Any CPU
		{B31BB524-1886-4F97-8871-7B517F1B27D4}.Debug|Any CPU.Build.0 = Debug|Any CPU
		{B31BB524-1886-4F97-8871-7B517F1B27D4}.Debug|Mixed Platforms.ActiveCfg = Debug|Any CPU
		{B31BB524-1886-4F97-8871-7B517F1B27D4}.Debug|Mixed Platforms.Build.0 = Debug|Any CPU
		{B31BB524-1886-4F97-8871-7B517F1B27D4}.Debug|x86.ActiveCfg = Debug|Any CPU
		{B31BB524-1886-4F97-8871-7B517F1B27D4}.Release|Any CPU.ActiveCfg = Release|Any CPU
		{B31BB524-1886-4F97-8871-7B517F1B27D4}.Release|Any CPU.Build.0 = Release|Any CPU
		{B31BB524-1886-4F97-8871-7B517F1B27D4}.Release|Mixed Platforms.ActiveCfg = Release|Any CPU
		{B31BB524-1886-4F97-8871-7B517F1B27D4}.Release|Mixed Platforms.Build.0 = Release|Any CPU
		{B31BB524-1886-4F97-8871-7B517F1B27D4}.Release|x86.ActiveCfg = Release|Any CPU
		{71532CC1-2DA6-499B-A4CC-FA1E034B266C}.Debug|Any CPU.ActiveCfg = Debug|x86
		{71532CC1-2DA6-499B-A4CC-FA1E034B266C}.Debug|Mixed Platforms.ActiveCfg = Debug|x86
		{71532CC1-2DA6-499B-A4CC-FA1E034B266C}.Debug|Mixed Platforms.Build.0 = Debug|x86
		{71532CC1-2DA6-499B-A4CC-FA1E034B266C}.Debug|x86.ActiveCfg = Debug|x86
		{71532CC1-2DA6-499B-A4CC-FA1E034B266C}.Debug|x86.Build.0 = Debug|x86
		{71532CC1-2DA6-499B-A4CC-FA1E034B266C}.Release|Any CPU.ActiveCfg = Release|x86
		{71532CC1-2DA6-499B-A4CC-FA1E034B266C}.Release|Mixed Platforms.ActiveCfg = Release|x86
		{71532CC1-2DA6-499B-A4CC-FA1E034B266C}.Release|Mixed Platforms.Build.0 = Release|x86
		{71532CC1-2DA6-499B-A4CC-FA1E034B266C}.Release|x86.ActiveCfg = Release|x86
		{71532CC1-2DA6-499B-A4CC-FA1E034B266C}.Release|x86.Build.0 = Release|x86
		{7DD269B1-5AEB-47B4-B911-03C9D78DE0D1}.Debug|Any CPU.ActiveCfg = Debug|x86
		{7DD269B1-5AEB-47B4-B911-03C9D78DE0D1}.Debug|Mixed Platforms.ActiveCfg = Debug|x86
		{7DD269B1-5AEB-47B4-B911-03C9D78DE0D1}.Debug|Mixed Platforms.Build.0 = Debug|x86
		{7DD269B1-5AEB-47B4-B911-03C9D78DE0D1}.Debug|x86.ActiveCfg = Debug|x86
		{7DD269B1-5AEB-47B4-B911-03C9D78DE0D1}.Debug|x86.Build.0 = Debug|x86
		{7DD269B1-5AEB-47B4-B911-03C9D78DE0D1}.Release|Any CPU.ActiveCfg = Release|x86
		{7DD269B1-5AEB-47B4-B911-03C9D78DE0D1}.Release|Mixed Platforms.ActiveCfg = Release|x86
		{7DD269B1-5AEB-47B4-B911-03C9D78DE0D1}.Release|Mixed Platforms.Build.0 = Release|x86
		{7DD269B1-5AEB-47B4-B911-03C9D78DE0D1}.Release|x86.ActiveCfg = Release|x86
		{7DD269B1-5AEB-47B4-B911-03C9D78DE0D1}.Release|x86.Build.0 = Release|x86
		{A2781064-693C-4469-B8CC-1318E9288F5C}.Debug|Any CPU.ActiveCfg = Debug|Any CPU
		{A2781064-693C-4469-B8CC-1318E9288F5C}.Debug|Any CPU.Build.0 = Debug|Any CPU
		{A2781064-693C-4469-B8CC-1318E9288F5C}.Debug|Mixed Platforms.ActiveCfg = Debug|Any CPU
		{A2781064-693C-4469-B8CC-1318E9288F5C}.Debug|Mixed Platforms.Build.0 = Debug|Any CPU
		{A2781064-693C-4469-B8CC-1318E9288F5C}.Debug|x86.ActiveCfg = Debug|Any CPU
		{A2781064-693C-4469-B8CC-1318E9288F5C}.Debug|x86.Build.0 = Debug|Any CPU
		{A2781064-693C-4469-B8CC-1318E9288F5C}.Release|Any CPU.ActiveCfg = Release|Any CPU
		{A2781064-693C-4469-B8CC-1318E9288F5C}.Release|Any CPU.Build.0 = Release|Any CPU
		{A2781064-693C-4469-B8CC-1318E9288F5C}.Release|Mixed Platforms.ActiveCfg = Release|Any CPU
		{A2781064-693C-4469-B8CC-1318E9288F5C}.Release|Mixed Platforms.Build.0 = Release|Any CPU
		{A2781064-693C-4469-B8CC-1318E9288F5C}.Release|x86.ActiveCfg = Release|Any CPU
		{A2781064-693C-4469-B8CC-1318E9288F5C}.Release|x86.Build.0 = Release|Any CPU
		{C502740D-D1B0-4397-AAC8-B8E1EAEBA733}.Debug|Any CPU.ActiveCfg = Debug|Any CPU
		{C502740D-D1B0-4397-AAC8-B8E1EAEBA733}.Debug|Any CPU.Build.0 = Debug|Any CPU
		{C502740D-D1B0-4397-AAC8-B8E1EAEBA733}.Debug|Mixed Platforms.ActiveCfg = Debug|Any CPU
		{C502740D-D1B0-4397-AAC8-B8E1EAEBA733}.Debug|Mixed Platforms.Build.0 = Debug|Any CPU
		{C502740D-D1B0-4397-AAC8-B8E1EAEBA733}.Debug|x86.ActiveCfg = Debug|Any CPU
		{C502740D-D1B0-4397-AAC8-B8E1EAEBA733}.Debug|x86.Build.0 = Debug|Any CPU
		{C502740D-D1B0-4397-AAC8-B8E1EAEBA733}.Release|Any CPU.ActiveCfg = Release|Any CPU
		{C502740D-D1B0-4397-AAC8-B8E1EAEBA733}.Release|Any CPU.Build.0 = Release|Any CPU
		{C502740D-D1B0-4397-AAC8-B8E1EAEBA733}.Release|Mixed Platforms.ActiveCfg = Release|Any CPU
		{C502740D-D1B0-4397-AAC8-B8E1EAEBA733}.Release|Mixed Platforms.Build.0 = Release|Any CPU
		{C502740D-D1B0-4397-AAC8-B8E1EAEBA733}.Release|x86.ActiveCfg = Release|Any CPU
		{C502740D-D1B0-4397-AAC8-B8E1EAEBA733}.Release|x86.Build.0 = Release|Any CPU
		{64399042-F595-43A8-8D11-8713B871D01B}.Debug|Any CPU.ActiveCfg = Debug|Any CPU
		{64399042-F595-43A8-8D11-8713B871D01B}.Debug|Any CPU.Build.0 = Debug|Any CPU
		{64399042-F595-43A8-8D11-8713B871D01B}.Debug|Mixed Platforms.ActiveCfg = Debug|Any CPU
		{64399042-F595-43A8-8D11-8713B871D01B}.Debug|Mixed Platforms.Build.0 = Debug|Any CPU
		{64399042-F595-43A8-8D11-8713B871D01B}.Debug|x86.ActiveCfg = Debug|Any CPU
		{64399042-F595-43A8-8D11-8713B871D01B}.Debug|x86.Build.0 = Debug|Any CPU
		{64399042-F595-43A8-8D11-8713B871D01B}.Release|Any CPU.ActiveCfg = Release|Any CPU
		{64399042-F595-43A8-8D11-8713B871D01B}.Release|Any CPU.Build.0 = Release|Any CPU
		{64399042-F595-43A8-8D11-8713B871D01B}.Release|Mixed Platforms.ActiveCfg = Release|Any CPU
		{64399042-F595-43A8-8D11-8713B871D01B}.Release|Mixed Platforms.Build.0 = Release|Any CPU
		{64399042-F595-43A8-8D11-8713B871D01B}.Release|x86.ActiveCfg = Release|Any CPU
		{64399042-F595-43A8-8D11-8713B871D01B}.Release|x86.Build.0 = Release|Any CPU
		{19D08E56-1633-4A51-A43D-E4D1D70681D6}.Debug|Any CPU.ActiveCfg = Debug|Any CPU
		{19D08E56-1633-4A51-A43D-E4D1D70681D6}.Debug|Any CPU.Build.0 = Debug|Any CPU
		{19D08E56-1633-4A51-A43D-E4D1D70681D6}.Debug|Mixed Platforms.ActiveCfg = Debug|Any CPU
		{19D08E56-1633-4A51-A43D-E4D1D70681D6}.Debug|Mixed Platforms.Build.0 = Debug|Any CPU
		{19D08E56-1633-4A51-A43D-E4D1D70681D6}.Debug|x86.ActiveCfg = Debug|Any CPU
		{19D08E56-1633-4A51-A43D-E4D1D70681D6}.Debug|x86.Build.0 = Debug|Any CPU
		{19D08E56-1633-4A51-A43D-E4D1D70681D6}.Release|Any CPU.ActiveCfg = Release|Any CPU
		{19D08E56-1633-4A51-A43D-E4D1D70681D6}.Release|Any CPU.Build.0 = Release|Any CPU
		{19D08E56-1633-4A51-A43D-E4D1D70681D6}.Release|Mixed Platforms.ActiveCfg = Release|Any CPU
		{19D08E56-1633-4A51-A43D-E4D1D70681D6}.Release|Mixed Platforms.Build.0 = Release|Any CPU
		{19D08E56-1633-4A51-A43D-E4D1D70681D6}.Release|x86.ActiveCfg = Release|Any CPU
		{19D08E56-1633-4A51-A43D-E4D1D70681D6}.Release|x86.Build.0 = Release|Any CPU
		{24A95085-2270-49D9-AB24-DCCA5D44667D}.Debug|Any CPU.ActiveCfg = Debug|Any CPU
		{24A95085-2270-49D9-AB24-DCCA5D44667D}.Debug|Any CPU.Build.0 = Debug|Any CPU
		{24A95085-2270-49D9-AB24-DCCA5D44667D}.Debug|Mixed Platforms.ActiveCfg = Debug|Any CPU
		{24A95085-2270-49D9-AB24-DCCA5D44667D}.Debug|Mixed Platforms.Build.0 = Debug|Any CPU
		{24A95085-2270-49D9-AB24-DCCA5D44667D}.Debug|x86.ActiveCfg = Debug|Any CPU
		{24A95085-2270-49D9-AB24-DCCA5D44667D}.Debug|x86.Build.0 = Debug|Any CPU
		{24A95085-2270-49D9-AB24-DCCA5D44667D}.Release|Any CPU.ActiveCfg = Release|Any CPU
		{24A95085-2270-49D9-AB24-DCCA5D44667D}.Release|Any CPU.Build.0 = Release|Any CPU
		{24A95085-2270-49D9-AB24-DCCA5D44667D}.Release|Mixed Platforms.ActiveCfg = Release|Any CPU
		{24A95085-2270-49D9-AB24-DCCA5D44667D}.Release|Mixed Platforms.Build.0 = Release|Any CPU
		{24A95085-2270-49D9-AB24-DCCA5D44667D}.Release|x86.ActiveCfg = Release|Any CPU
		{24A95085-2270-49D9-AB24-DCCA5D44667D}.Release|x86.Build.0 = Release|Any CPU
		{730E9555-765F-44E7-B12A-B80E920364F1}.Debug|Any CPU.ActiveCfg = Debug|Any CPU
		{730E9555-765F-44E7-B12A-B80E920364F1}.Debug|Any CPU.Build.0 = Debug|Any CPU
		{730E9555-765F-44E7-B12A-B80E920364F1}.Debug|Mixed Platforms.ActiveCfg = Debug|Any CPU
		{730E9555-765F-44E7-B12A-B80E920364F1}.Debug|Mixed Platforms.Build.0 = Debug|Any CPU
		{730E9555-765F-44E7-B12A-B80E920364F1}.Debug|x86.ActiveCfg = Debug|Any CPU
		{730E9555-765F-44E7-B12A-B80E920364F1}.Debug|x86.Build.0 = Debug|Any CPU
		{730E9555-765F-44E7-B12A-B80E920364F1}.Release|Any CPU.ActiveCfg = Release|Any CPU
		{730E9555-765F-44E7-B12A-B80E920364F1}.Release|Any CPU.Build.0 = Release|Any CPU
		{730E9555-765F-44E7-B12A-B80E920364F1}.Release|Mixed Platforms.ActiveCfg = Release|Any CPU
		{730E9555-765F-44E7-B12A-B80E920364F1}.Release|Mixed Platforms.Build.0 = Release|Any CPU
		{730E9555-765F-44E7-B12A-B80E920364F1}.Release|x86.ActiveCfg = Release|Any CPU
		{730E9555-765F-44E7-B12A-B80E920364F1}.Release|x86.Build.0 = Release|Any CPU
		{71E0A947-E295-4558-B92F-AB1ADDAB07A3}.Debug|Any CPU.ActiveCfg = Debug|Any CPU
		{71E0A947-E295-4558-B92F-AB1ADDAB07A3}.Debug|Any CPU.Build.0 = Debug|Any CPU
		{71E0A947-E295-4558-B92F-AB1ADDAB07A3}.Debug|Mixed Platforms.ActiveCfg = Debug|Any CPU
		{71E0A947-E295-4558-B92F-AB1ADDAB07A3}.Debug|Mixed Platforms.Build.0 = Debug|Any CPU
		{71E0A947-E295-4558-B92F-AB1ADDAB07A3}.Debug|x86.ActiveCfg = Debug|Any CPU
		{71E0A947-E295-4558-B92F-AB1ADDAB07A3}.Debug|x86.Build.0 = Debug|Any CPU
		{71E0A947-E295-4558-B92F-AB1ADDAB07A3}.Release|Any CPU.ActiveCfg = Release|Any CPU
		{71E0A947-E295-4558-B92F-AB1ADDAB07A3}.Release|Any CPU.Build.0 = Release|Any CPU
		{71E0A947-E295-4558-B92F-AB1ADDAB07A3}.Release|Mixed Platforms.ActiveCfg = Release|Any CPU
		{71E0A947-E295-4558-B92F-AB1ADDAB07A3}.Release|Mixed Platforms.Build.0 = Release|Any CPU
		{71E0A947-E295-4558-B92F-AB1ADDAB07A3}.Release|x86.ActiveCfg = Release|Any CPU
		{71E0A947-E295-4558-B92F-AB1ADDAB07A3}.Release|x86.Build.0 = Release|Any CPU
		{42CCD567-D3D9-4181-8A9B-FBBC84878F4B}.Debug|Any CPU.ActiveCfg = Debug|Any CPU
		{42CCD567-D3D9-4181-8A9B-FBBC84878F4B}.Debug|Any CPU.Build.0 = Debug|Any CPU
		{42CCD567-D3D9-4181-8A9B-FBBC84878F4B}.Debug|Mixed Platforms.ActiveCfg = Debug|Any CPU
		{42CCD567-D3D9-4181-8A9B-FBBC84878F4B}.Debug|Mixed Platforms.Build.0 = Debug|Any CPU
		{42CCD567-D3D9-4181-8A9B-FBBC84878F4B}.Debug|x86.ActiveCfg = Debug|Any CPU
		{42CCD567-D3D9-4181-8A9B-FBBC84878F4B}.Debug|x86.Build.0 = Debug|Any CPU
		{42CCD567-D3D9-4181-8A9B-FBBC84878F4B}.Release|Any CPU.ActiveCfg = Release|Any CPU
		{42CCD567-D3D9-4181-8A9B-FBBC84878F4B}.Release|Any CPU.Build.0 = Release|Any CPU
		{42CCD567-D3D9-4181-8A9B-FBBC84878F4B}.Release|Mixed Platforms.ActiveCfg = Release|Any CPU
		{42CCD567-D3D9-4181-8A9B-FBBC84878F4B}.Release|Mixed Platforms.Build.0 = Release|Any CPU
		{42CCD567-D3D9-4181-8A9B-FBBC84878F4B}.Release|x86.ActiveCfg = Release|Any CPU
		{42CCD567-D3D9-4181-8A9B-FBBC84878F4B}.Release|x86.Build.0 = Release|Any CPU
		{F20F3D07-E2EF-4A26-BE5E-93E99E70C018}.Debug|Any CPU.ActiveCfg = Debug|Any CPU
		{F20F3D07-E2EF-4A26-BE5E-93E99E70C018}.Debug|Any CPU.Build.0 = Debug|Any CPU
		{F20F3D07-E2EF-4A26-BE5E-93E99E70C018}.Debug|Mixed Platforms.ActiveCfg = Debug|Any CPU
		{F20F3D07-E2EF-4A26-BE5E-93E99E70C018}.Debug|Mixed Platforms.Build.0 = Debug|Any CPU
		{F20F3D07-E2EF-4A26-BE5E-93E99E70C018}.Debug|x86.ActiveCfg = Debug|Any CPU
		{F20F3D07-E2EF-4A26-BE5E-93E99E70C018}.Debug|x86.Build.0 = Debug|Any CPU
		{F20F3D07-E2EF-4A26-BE5E-93E99E70C018}.Release|Any CPU.ActiveCfg = Release|Any CPU
		{F20F3D07-E2EF-4A26-BE5E-93E99E70C018}.Release|Any CPU.Build.0 = Release|Any CPU
		{F20F3D07-E2EF-4A26-BE5E-93E99E70C018}.Release|Mixed Platforms.ActiveCfg = Release|Any CPU
		{F20F3D07-E2EF-4A26-BE5E-93E99E70C018}.Release|Mixed Platforms.Build.0 = Release|Any CPU
		{F20F3D07-E2EF-4A26-BE5E-93E99E70C018}.Release|x86.ActiveCfg = Release|Any CPU
		{F20F3D07-E2EF-4A26-BE5E-93E99E70C018}.Release|x86.Build.0 = Release|Any CPU
		{9767A9A8-3123-415F-96D9-F6C6A1E7D334}.Debug|Any CPU.ActiveCfg = Debug|Any CPU
		{9767A9A8-3123-415F-96D9-F6C6A1E7D334}.Debug|Any CPU.Build.0 = Debug|Any CPU
		{9767A9A8-3123-415F-96D9-F6C6A1E7D334}.Debug|Mixed Platforms.ActiveCfg = Debug|Any CPU
		{9767A9A8-3123-415F-96D9-F6C6A1E7D334}.Debug|Mixed Platforms.Build.0 = Debug|Any CPU
		{9767A9A8-3123-415F-96D9-F6C6A1E7D334}.Debug|x86.ActiveCfg = Debug|Any CPU
		{9767A9A8-3123-415F-96D9-F6C6A1E7D334}.Debug|x86.Build.0 = Debug|Any CPU
		{9767A9A8-3123-415F-96D9-F6C6A1E7D334}.Release|Any CPU.ActiveCfg = Release|Any CPU
		{9767A9A8-3123-415F-96D9-F6C6A1E7D334}.Release|Any CPU.Build.0 = Release|Any CPU
		{9767A9A8-3123-415F-96D9-F6C6A1E7D334}.Release|Mixed Platforms.ActiveCfg = Release|Any CPU
		{9767A9A8-3123-415F-96D9-F6C6A1E7D334}.Release|Mixed Platforms.Build.0 = Release|Any CPU
		{9767A9A8-3123-415F-96D9-F6C6A1E7D334}.Release|x86.ActiveCfg = Release|Any CPU
		{9767A9A8-3123-415F-96D9-F6C6A1E7D334}.Release|x86.Build.0 = Release|Any CPU
		{43CE0878-4553-4191-B032-374EF1B83D9C}.Debug|Any CPU.ActiveCfg = Debug|Any CPU
		{43CE0878-4553-4191-B032-374EF1B83D9C}.Debug|Any CPU.Build.0 = Debug|Any CPU
		{43CE0878-4553-4191-B032-374EF1B83D9C}.Debug|Mixed Platforms.ActiveCfg = Debug|Any CPU
		{43CE0878-4553-4191-B032-374EF1B83D9C}.Debug|Mixed Platforms.Build.0 = Debug|Any CPU
		{43CE0878-4553-4191-B032-374EF1B83D9C}.Debug|x86.ActiveCfg = Debug|Any CPU
		{43CE0878-4553-4191-B032-374EF1B83D9C}.Debug|x86.Build.0 = Debug|Any CPU
		{43CE0878-4553-4191-B032-374EF1B83D9C}.Release|Any CPU.ActiveCfg = Release|Any CPU
		{43CE0878-4553-4191-B032-374EF1B83D9C}.Release|Any CPU.Build.0 = Release|Any CPU
		{43CE0878-4553-4191-B032-374EF1B83D9C}.Release|Mixed Platforms.ActiveCfg = Release|Any CPU
		{43CE0878-4553-4191-B032-374EF1B83D9C}.Release|Mixed Platforms.Build.0 = Release|Any CPU
		{43CE0878-4553-4191-B032-374EF1B83D9C}.Release|x86.ActiveCfg = Release|Any CPU
		{43CE0878-4553-4191-B032-374EF1B83D9C}.Release|x86.Build.0 = Release|Any CPU
		{FE89F45A-6C9D-4687-A17F-CE2D2225DD7A}.Debug|Any CPU.ActiveCfg = Debug|Any CPU
		{FE89F45A-6C9D-4687-A17F-CE2D2225DD7A}.Debug|Any CPU.Build.0 = Debug|Any CPU
		{FE89F45A-6C9D-4687-A17F-CE2D2225DD7A}.Debug|Mixed Platforms.ActiveCfg = Debug|Any CPU
		{FE89F45A-6C9D-4687-A17F-CE2D2225DD7A}.Debug|Mixed Platforms.Build.0 = Debug|Any CPU
		{FE89F45A-6C9D-4687-A17F-CE2D2225DD7A}.Debug|x86.ActiveCfg = Debug|Any CPU
		{FE89F45A-6C9D-4687-A17F-CE2D2225DD7A}.Debug|x86.Build.0 = Debug|Any CPU
		{FE89F45A-6C9D-4687-A17F-CE2D2225DD7A}.Release|Any CPU.ActiveCfg = Release|Any CPU
		{FE89F45A-6C9D-4687-A17F-CE2D2225DD7A}.Release|Any CPU.Build.0 = Release|Any CPU
		{FE89F45A-6C9D-4687-A17F-CE2D2225DD7A}.Release|Mixed Platforms.ActiveCfg = Release|Any CPU
		{FE89F45A-6C9D-4687-A17F-CE2D2225DD7A}.Release|Mixed Platforms.Build.0 = Release|Any CPU
		{FE89F45A-6C9D-4687-A17F-CE2D2225DD7A}.Release|x86.ActiveCfg = Release|Any CPU
		{FE89F45A-6C9D-4687-A17F-CE2D2225DD7A}.Release|x86.Build.0 = Release|Any CPU
		{1A71C3F1-36F0-4D4E-BFC7-B3F32DDA4CF3}.Debug|Any CPU.ActiveCfg = Debug|Any CPU
		{1A71C3F1-36F0-4D4E-BFC7-B3F32DDA4CF3}.Debug|Any CPU.Build.0 = Debug|Any CPU
		{1A71C3F1-36F0-4D4E-BFC7-B3F32DDA4CF3}.Debug|Mixed Platforms.ActiveCfg = Debug|Any CPU
		{1A71C3F1-36F0-4D4E-BFC7-B3F32DDA4CF3}.Debug|Mixed Platforms.Build.0 = Debug|Any CPU
		{1A71C3F1-36F0-4D4E-BFC7-B3F32DDA4CF3}.Debug|x86.ActiveCfg = Debug|Any CPU
		{1A71C3F1-36F0-4D4E-BFC7-B3F32DDA4CF3}.Debug|x86.Build.0 = Debug|Any CPU
		{1A71C3F1-36F0-4D4E-BFC7-B3F32DDA4CF3}.Release|Any CPU.ActiveCfg = Release|Any CPU
		{1A71C3F1-36F0-4D4E-BFC7-B3F32DDA4CF3}.Release|Any CPU.Build.0 = Release|Any CPU
		{1A71C3F1-36F0-4D4E-BFC7-B3F32DDA4CF3}.Release|Mixed Platforms.ActiveCfg = Release|Any CPU
		{1A71C3F1-36F0-4D4E-BFC7-B3F32DDA4CF3}.Release|Mixed Platforms.Build.0 = Release|Any CPU
		{1A71C3F1-36F0-4D4E-BFC7-B3F32DDA4CF3}.Release|x86.ActiveCfg = Release|Any CPU
		{1A71C3F1-36F0-4D4E-BFC7-B3F32DDA4CF3}.Release|x86.Build.0 = Release|Any CPU
		{D0D6614E-C717-419B-90A4-0CCCA7674167}.Debug|Any CPU.ActiveCfg = Debug|Any CPU
		{D0D6614E-C717-419B-90A4-0CCCA7674167}.Debug|Any CPU.Build.0 = Debug|Any CPU
		{D0D6614E-C717-419B-90A4-0CCCA7674167}.Debug|Mixed Platforms.ActiveCfg = Debug|Any CPU
		{D0D6614E-C717-419B-90A4-0CCCA7674167}.Debug|Mixed Platforms.Build.0 = Debug|Any CPU
		{D0D6614E-C717-419B-90A4-0CCCA7674167}.Debug|x86.ActiveCfg = Debug|Any CPU
		{D0D6614E-C717-419B-90A4-0CCCA7674167}.Debug|x86.Build.0 = Debug|Any CPU
		{D0D6614E-C717-419B-90A4-0CCCA7674167}.Release|Any CPU.ActiveCfg = Release|Any CPU
		{D0D6614E-C717-419B-90A4-0CCCA7674167}.Release|Any CPU.Build.0 = Release|Any CPU
		{D0D6614E-C717-419B-90A4-0CCCA7674167}.Release|Mixed Platforms.ActiveCfg = Release|Any CPU
		{D0D6614E-C717-419B-90A4-0CCCA7674167}.Release|Mixed Platforms.Build.0 = Release|Any CPU
		{D0D6614E-C717-419B-90A4-0CCCA7674167}.Release|x86.ActiveCfg = Release|Any CPU
		{D0D6614E-C717-419B-90A4-0CCCA7674167}.Release|x86.Build.0 = Release|Any CPU
		{2E6EE4D7-D37A-4998-B874-2DCD1687140B}.Debug|Any CPU.ActiveCfg = Debug|Any CPU
		{2E6EE4D7-D37A-4998-B874-2DCD1687140B}.Debug|Any CPU.Build.0 = Debug|Any CPU
		{2E6EE4D7-D37A-4998-B874-2DCD1687140B}.Debug|Mixed Platforms.ActiveCfg = Debug|Any CPU
		{2E6EE4D7-D37A-4998-B874-2DCD1687140B}.Debug|Mixed Platforms.Build.0 = Debug|Any CPU
		{2E6EE4D7-D37A-4998-B874-2DCD1687140B}.Debug|x86.ActiveCfg = Debug|Any CPU
		{2E6EE4D7-D37A-4998-B874-2DCD1687140B}.Debug|x86.Build.0 = Debug|Any CPU
		{2E6EE4D7-D37A-4998-B874-2DCD1687140B}.Release|Any CPU.ActiveCfg = Release|Any CPU
		{2E6EE4D7-D37A-4998-B874-2DCD1687140B}.Release|Any CPU.Build.0 = Release|Any CPU
		{2E6EE4D7-D37A-4998-B874-2DCD1687140B}.Release|Mixed Platforms.ActiveCfg = Release|Any CPU
		{2E6EE4D7-D37A-4998-B874-2DCD1687140B}.Release|Mixed Platforms.Build.0 = Release|Any CPU
		{2E6EE4D7-D37A-4998-B874-2DCD1687140B}.Release|x86.ActiveCfg = Release|Any CPU
		{2E6EE4D7-D37A-4998-B874-2DCD1687140B}.Release|x86.Build.0 = Release|Any CPU
		{8D643B84-FE3B-4E58-B55D-76849AE7E684}.Debug|Any CPU.ActiveCfg = Debug|Any CPU
		{8D643B84-FE3B-4E58-B55D-76849AE7E684}.Debug|Any CPU.Build.0 = Debug|Any CPU
		{8D643B84-FE3B-4E58-B55D-76849AE7E684}.Debug|Mixed Platforms.ActiveCfg = Debug|Any CPU
		{8D643B84-FE3B-4E58-B55D-76849AE7E684}.Debug|Mixed Platforms.Build.0 = Debug|Any CPU
		{8D643B84-FE3B-4E58-B55D-76849AE7E684}.Debug|x86.ActiveCfg = Debug|Any CPU
		{8D643B84-FE3B-4E58-B55D-76849AE7E684}.Debug|x86.Build.0 = Debug|Any CPU
		{8D643B84-FE3B-4E58-B55D-76849AE7E684}.Release|Any CPU.ActiveCfg = Release|Any CPU
		{8D643B84-FE3B-4E58-B55D-76849AE7E684}.Release|Any CPU.Build.0 = Release|Any CPU
		{8D643B84-FE3B-4E58-B55D-76849AE7E684}.Release|Mixed Platforms.ActiveCfg = Release|Any CPU
		{8D643B84-FE3B-4E58-B55D-76849AE7E684}.Release|Mixed Platforms.Build.0 = Release|Any CPU
		{8D643B84-FE3B-4E58-B55D-76849AE7E684}.Release|x86.ActiveCfg = Release|Any CPU
		{8D643B84-FE3B-4E58-B55D-76849AE7E684}.Release|x86.Build.0 = Release|Any CPU
		{8296AFCC-F771-4E57-A0DA-A94A0CA5E904}.Debug|Any CPU.ActiveCfg = Debug|Any CPU
		{8296AFCC-F771-4E57-A0DA-A94A0CA5E904}.Debug|Any CPU.Build.0 = Debug|Any CPU
		{8296AFCC-F771-4E57-A0DA-A94A0CA5E904}.Debug|Mixed Platforms.ActiveCfg = Debug|Any CPU
		{8296AFCC-F771-4E57-A0DA-A94A0CA5E904}.Debug|Mixed Platforms.Build.0 = Debug|Any CPU
		{8296AFCC-F771-4E57-A0DA-A94A0CA5E904}.Debug|x86.ActiveCfg = Debug|Any CPU
		{8296AFCC-F771-4E57-A0DA-A94A0CA5E904}.Debug|x86.Build.0 = Debug|Any CPU
		{8296AFCC-F771-4E57-A0DA-A94A0CA5E904}.Release|Any CPU.ActiveCfg = Release|Any CPU
		{8296AFCC-F771-4E57-A0DA-A94A0CA5E904}.Release|Any CPU.Build.0 = Release|Any CPU
		{8296AFCC-F771-4E57-A0DA-A94A0CA5E904}.Release|Mixed Platforms.ActiveCfg = Release|Any CPU
		{8296AFCC-F771-4E57-A0DA-A94A0CA5E904}.Release|Mixed Platforms.Build.0 = Release|Any CPU
		{8296AFCC-F771-4E57-A0DA-A94A0CA5E904}.Release|x86.ActiveCfg = Release|Any CPU
		{8296AFCC-F771-4E57-A0DA-A94A0CA5E904}.Release|x86.Build.0 = Release|Any CPU
		{EF9C6C0A-C34B-4F81-8137-B8BECF80F8BE}.Debug|Any CPU.ActiveCfg = Debug|Any CPU
		{EF9C6C0A-C34B-4F81-8137-B8BECF80F8BE}.Debug|Any CPU.Build.0 = Debug|Any CPU
		{EF9C6C0A-C34B-4F81-8137-B8BECF80F8BE}.Debug|Mixed Platforms.ActiveCfg = Debug|Any CPU
		{EF9C6C0A-C34B-4F81-8137-B8BECF80F8BE}.Debug|Mixed Platforms.Build.0 = Debug|Any CPU
		{EF9C6C0A-C34B-4F81-8137-B8BECF80F8BE}.Debug|x86.ActiveCfg = Debug|Any CPU
		{EF9C6C0A-C34B-4F81-8137-B8BECF80F8BE}.Debug|x86.Build.0 = Debug|Any CPU
		{EF9C6C0A-C34B-4F81-8137-B8BECF80F8BE}.Release|Any CPU.ActiveCfg = Release|Any CPU
		{EF9C6C0A-C34B-4F81-8137-B8BECF80F8BE}.Release|Any CPU.Build.0 = Release|Any CPU
		{EF9C6C0A-C34B-4F81-8137-B8BECF80F8BE}.Release|Mixed Platforms.ActiveCfg = Release|Any CPU
		{EF9C6C0A-C34B-4F81-8137-B8BECF80F8BE}.Release|Mixed Platforms.Build.0 = Release|Any CPU
		{EF9C6C0A-C34B-4F81-8137-B8BECF80F8BE}.Release|x86.ActiveCfg = Release|Any CPU
		{EF9C6C0A-C34B-4F81-8137-B8BECF80F8BE}.Release|x86.Build.0 = Release|Any CPU
		{E3C079F1-EBB5-4A4F-A47A-FE6418E5C541}.Debug|Any CPU.ActiveCfg = Debug|Any CPU
		{E3C079F1-EBB5-4A4F-A47A-FE6418E5C541}.Debug|Any CPU.Build.0 = Debug|Any CPU
		{E3C079F1-EBB5-4A4F-A47A-FE6418E5C541}.Debug|Mixed Platforms.ActiveCfg = Debug|Any CPU
		{E3C079F1-EBB5-4A4F-A47A-FE6418E5C541}.Debug|Mixed Platforms.Build.0 = Debug|Any CPU
		{E3C079F1-EBB5-4A4F-A47A-FE6418E5C541}.Debug|x86.ActiveCfg = Debug|Any CPU
		{E3C079F1-EBB5-4A4F-A47A-FE6418E5C541}.Debug|x86.Build.0 = Debug|Any CPU
		{E3C079F1-EBB5-4A4F-A47A-FE6418E5C541}.Release|Any CPU.ActiveCfg = Release|Any CPU
		{E3C079F1-EBB5-4A4F-A47A-FE6418E5C541}.Release|Any CPU.Build.0 = Release|Any CPU
		{E3C079F1-EBB5-4A4F-A47A-FE6418E5C541}.Release|Mixed Platforms.ActiveCfg = Release|Any CPU
		{E3C079F1-EBB5-4A4F-A47A-FE6418E5C541}.Release|Mixed Platforms.Build.0 = Release|Any CPU
		{E3C079F1-EBB5-4A4F-A47A-FE6418E5C541}.Release|x86.ActiveCfg = Release|Any CPU
		{E3C079F1-EBB5-4A4F-A47A-FE6418E5C541}.Release|x86.Build.0 = Release|Any CPU
		{CA2E1ABE-E9ED-45F1-9E93-21682BD818DE}.Debug|Any CPU.ActiveCfg = Debug|Any CPU
		{CA2E1ABE-E9ED-45F1-9E93-21682BD818DE}.Debug|Any CPU.Build.0 = Debug|Any CPU
		{CA2E1ABE-E9ED-45F1-9E93-21682BD818DE}.Debug|Mixed Platforms.ActiveCfg = Debug|Any CPU
		{CA2E1ABE-E9ED-45F1-9E93-21682BD818DE}.Debug|Mixed Platforms.Build.0 = Debug|Any CPU
		{CA2E1ABE-E9ED-45F1-9E93-21682BD818DE}.Debug|x86.ActiveCfg = Debug|Any CPU
		{CA2E1ABE-E9ED-45F1-9E93-21682BD818DE}.Debug|x86.Build.0 = Debug|Any CPU
		{CA2E1ABE-E9ED-45F1-9E93-21682BD818DE}.Release|Any CPU.ActiveCfg = Release|Any CPU
		{CA2E1ABE-E9ED-45F1-9E93-21682BD818DE}.Release|Any CPU.Build.0 = Release|Any CPU
		{CA2E1ABE-E9ED-45F1-9E93-21682BD818DE}.Release|Mixed Platforms.ActiveCfg = Release|Any CPU
		{CA2E1ABE-E9ED-45F1-9E93-21682BD818DE}.Release|Mixed Platforms.Build.0 = Release|Any CPU
		{CA2E1ABE-E9ED-45F1-9E93-21682BD818DE}.Release|x86.ActiveCfg = Release|Any CPU
		{CA2E1ABE-E9ED-45F1-9E93-21682BD818DE}.Release|x86.Build.0 = Release|Any CPU
		{DE733DBC-2391-42E9-A44E-103F0ED0BA75}.Debug|Any CPU.ActiveCfg = Debug|Any CPU
		{DE733DBC-2391-42E9-A44E-103F0ED0BA75}.Debug|Any CPU.Build.0 = Debug|Any CPU
		{DE733DBC-2391-42E9-A44E-103F0ED0BA75}.Debug|Mixed Platforms.ActiveCfg = Debug|Any CPU
		{DE733DBC-2391-42E9-A44E-103F0ED0BA75}.Debug|Mixed Platforms.Build.0 = Debug|Any CPU
		{DE733DBC-2391-42E9-A44E-103F0ED0BA75}.Debug|x86.ActiveCfg = Debug|Any CPU
		{DE733DBC-2391-42E9-A44E-103F0ED0BA75}.Debug|x86.Build.0 = Debug|Any CPU
		{DE733DBC-2391-42E9-A44E-103F0ED0BA75}.Release|Any CPU.ActiveCfg = Release|Any CPU
		{DE733DBC-2391-42E9-A44E-103F0ED0BA75}.Release|Any CPU.Build.0 = Release|Any CPU
		{DE733DBC-2391-42E9-A44E-103F0ED0BA75}.Release|Mixed Platforms.ActiveCfg = Release|Any CPU
		{DE733DBC-2391-42E9-A44E-103F0ED0BA75}.Release|Mixed Platforms.Build.0 = Release|Any CPU
		{DE733DBC-2391-42E9-A44E-103F0ED0BA75}.Release|x86.ActiveCfg = Release|Any CPU
		{DE733DBC-2391-42E9-A44E-103F0ED0BA75}.Release|x86.Build.0 = Release|Any CPU
		{A9F9FFE8-B6D6-42CF-9F8B-A1FD35C6B9A5}.Debug|Any CPU.ActiveCfg = Debug|Any CPU
		{A9F9FFE8-B6D6-42CF-9F8B-A1FD35C6B9A5}.Debug|Any CPU.Build.0 = Debug|Any CPU
		{A9F9FFE8-B6D6-42CF-9F8B-A1FD35C6B9A5}.Debug|Mixed Platforms.ActiveCfg = Debug|Any CPU
		{A9F9FFE8-B6D6-42CF-9F8B-A1FD35C6B9A5}.Debug|Mixed Platforms.Build.0 = Debug|Any CPU
		{A9F9FFE8-B6D6-42CF-9F8B-A1FD35C6B9A5}.Debug|x86.ActiveCfg = Debug|Any CPU
		{A9F9FFE8-B6D6-42CF-9F8B-A1FD35C6B9A5}.Debug|x86.Build.0 = Debug|Any CPU
		{A9F9FFE8-B6D6-42CF-9F8B-A1FD35C6B9A5}.Release|Any CPU.ActiveCfg = Release|Any CPU
		{A9F9FFE8-B6D6-42CF-9F8B-A1FD35C6B9A5}.Release|Any CPU.Build.0 = Release|Any CPU
		{A9F9FFE8-B6D6-42CF-9F8B-A1FD35C6B9A5}.Release|Mixed Platforms.ActiveCfg = Release|Any CPU
		{A9F9FFE8-B6D6-42CF-9F8B-A1FD35C6B9A5}.Release|Mixed Platforms.Build.0 = Release|Any CPU
		{A9F9FFE8-B6D6-42CF-9F8B-A1FD35C6B9A5}.Release|x86.ActiveCfg = Release|Any CPU
		{A9F9FFE8-B6D6-42CF-9F8B-A1FD35C6B9A5}.Release|x86.Build.0 = Release|Any CPU
		{79F3FB37-4674-4D8C-BFA3-46FC9352E91A}.Debug|Any CPU.ActiveCfg = Debug|Any CPU
		{79F3FB37-4674-4D8C-BFA3-46FC9352E91A}.Debug|Any CPU.Build.0 = Debug|Any CPU
		{79F3FB37-4674-4D8C-BFA3-46FC9352E91A}.Debug|Mixed Platforms.ActiveCfg = Debug|Any CPU
		{79F3FB37-4674-4D8C-BFA3-46FC9352E91A}.Debug|Mixed Platforms.Build.0 = Debug|Any CPU
		{79F3FB37-4674-4D8C-BFA3-46FC9352E91A}.Debug|x86.ActiveCfg = Debug|Any CPU
		{79F3FB37-4674-4D8C-BFA3-46FC9352E91A}.Debug|x86.Build.0 = Debug|Any CPU
		{79F3FB37-4674-4D8C-BFA3-46FC9352E91A}.Release|Any CPU.ActiveCfg = Release|Any CPU
		{79F3FB37-4674-4D8C-BFA3-46FC9352E91A}.Release|Any CPU.Build.0 = Release|Any CPU
		{79F3FB37-4674-4D8C-BFA3-46FC9352E91A}.Release|Mixed Platforms.ActiveCfg = Release|Any CPU
		{79F3FB37-4674-4D8C-BFA3-46FC9352E91A}.Release|Mixed Platforms.Build.0 = Release|Any CPU
		{79F3FB37-4674-4D8C-BFA3-46FC9352E91A}.Release|x86.ActiveCfg = Release|Any CPU
		{79F3FB37-4674-4D8C-BFA3-46FC9352E91A}.Release|x86.Build.0 = Release|Any CPU
	EndGlobalSection
	GlobalSection(SolutionProperties) = preSolution
		HideSolutionNode = FALSE
	EndGlobalSection
	GlobalSection(NestedProjects) = preSolution
		{7DD269B1-5AEB-47B4-B911-03C9D78DE0D1} = {6E2C283F-1813-448E-AAEC-3D5F5D8BA2E3}
		{A2781064-693C-4469-B8CC-1318E9288F5C} = {6E2C283F-1813-448E-AAEC-3D5F5D8BA2E3}
		{C502740D-D1B0-4397-AAC8-B8E1EAEBA733} = {6E2C283F-1813-448E-AAEC-3D5F5D8BA2E3}
		{19D08E56-1633-4A51-A43D-E4D1D70681D6} = {914F5229-FDD7-4394-A3BD-65FB7882FCA9}
		{24A95085-2270-49D9-AB24-DCCA5D44667D} = {914F5229-FDD7-4394-A3BD-65FB7882FCA9}
		{730E9555-765F-44E7-B12A-B80E920364F1} = {6E2C283F-1813-448E-AAEC-3D5F5D8BA2E3}
		{71E0A947-E295-4558-B92F-AB1ADDAB07A3} = {914F5229-FDD7-4394-A3BD-65FB7882FCA9}
		{42CCD567-D3D9-4181-8A9B-FBBC84878F4B} = {B61AD818-A6BA-4F3D-AAC6-36A2FC566C17}
		{43CE0878-4553-4191-B032-374EF1B83D9C} = {914F5229-FDD7-4394-A3BD-65FB7882FCA9}
		{FE89F45A-6C9D-4687-A17F-CE2D2225DD7A} = {B61AD818-A6BA-4F3D-AAC6-36A2FC566C17}
		{1A71C3F1-36F0-4D4E-BFC7-B3F32DDA4CF3} = {B61AD818-A6BA-4F3D-AAC6-36A2FC566C17}
		{E3C079F1-EBB5-4A4F-A47A-FE6418E5C541} = {B61AD818-A6BA-4F3D-AAC6-36A2FC566C17}
		{CA2E1ABE-E9ED-45F1-9E93-21682BD818DE} = {B61AD818-A6BA-4F3D-AAC6-36A2FC566C17}
		{DE733DBC-2391-42E9-A44E-103F0ED0BA75} = {B61AD818-A6BA-4F3D-AAC6-36A2FC566C17}
		{A9F9FFE8-B6D6-42CF-9F8B-A1FD35C6B9A5} = {B61AD818-A6BA-4F3D-AAC6-36A2FC566C17}
		{79F3FB37-4674-4D8C-BFA3-46FC9352E91A} = {914F5229-FDD7-4394-A3BD-65FB7882FCA9}
	EndGlobalSection
EndGlobal
